// !$*UTF8*$!
{
	archiveVersion = 1;
	classes = {
	};
	objectVersion = 46;
	objects = {

/* Begin PBXBuildFile section */
		B403F3BD17EE0D5700A2A4E8 /* GLSLAttribute.cpp in Sources */ = {isa = PBXBuildFile; fileRef = B403F3BB17EE0D5700A2A4E8 /* GLSLAttribute.cpp */; };
		B403F3C017F0FE0400A2A4E8 /* GLSLUniform.cpp in Sources */ = {isa = PBXBuildFile; fileRef = B403F3BE17F0FE0400A2A4E8 /* GLSLUniform.cpp */; };
		B408BB7517F6DD2A00CC6900 /* GLSLVertexBuffer.cpp in Sources */ = {isa = PBXBuildFile; fileRef = B408BB7317F6DD2A00CC6900 /* GLSLVertexBuffer.cpp */; };
		B408BB7817F6DD3C00CC6900 /* GLSLIndexBuffer.cpp in Sources */ = {isa = PBXBuildFile; fileRef = B408BB7617F6DD3C00CC6900 /* GLSLIndexBuffer.cpp */; };
		B424616C182ED30000B51DB1 /* GLSLDrawing.cpp in Sources */ = {isa = PBXBuildFile; fileRef = B424616A182ED30000B51DB1 /* GLSLDrawing.cpp */; };
		B424616F182EE47800B51DB1 /* GLSLPositionColorDrawing.cpp in Sources */ = {isa = PBXBuildFile; fileRef = B424616D182EE47800B51DB1 /* GLSLPositionColorDrawing.cpp */; };
		B457A15817F6D486004EF4E0 /* GLSLBuffer.cpp in Sources */ = {isa = PBXBuildFile; fileRef = B457A15617F6D486004EF4E0 /* GLSLBuffer.cpp */; };
		B4659E8218494A5300D40A95 /* PerspectiveShader.vsh in Resources */ = {isa = PBXBuildFile; fileRef = B4659E7E184949B300D40A95 /* PerspectiveShader.vsh */; };
		B4659E8318494A5600D40A95 /* PerspectiveShader.fsh in Resources */ = {isa = PBXBuildFile; fileRef = B4659E80184949C200D40A95 /* PerspectiveShader.fsh */; };
		B4659E8618494AFC00D40A95 /* GLSLPerspectiveDrawing.cpp in Sources */ = {isa = PBXBuildFile; fileRef = B4659E8418494AFC00D40A95 /* GLSLPerspectiveDrawing.cpp */; };
		B469605017F756C6002BCF6C /* GLVector.cpp in Sources */ = {isa = PBXBuildFile; fileRef = B469604E17F756C6002BCF6C /* GLVector.cpp */; };
		B469605317F75C25002BCF6C /* GLColor.cpp in Sources */ = {isa = PBXBuildFile; fileRef = B469605117F75C25002BCF6C /* GLColor.cpp */; };
		B469605717F76B5E002BCF6C /* GLPoint.cpp in Sources */ = {isa = PBXBuildFile; fileRef = B469605517F76B5E002BCF6C /* GLPoint.cpp */; };
		B469605A17F8526F002BCF6C /* GLSLShaderValue.cpp in Sources */ = {isa = PBXBuildFile; fileRef = B469605817F8526F002BCF6C /* GLSLShaderValue.cpp */; };
		B469605D17F858BF002BCF6C /* GLSLVertex.cpp in Sources */ = {isa = PBXBuildFile; fileRef = B469605B17F858BF002BCF6C /* GLSLVertex.cpp */; };
		B47E8D9217DBD8E4008CE6DD /* GLRenderingEngine.cpp in Sources */ = {isa = PBXBuildFile; fileRef = B47E8D9017DBD8E4008CE6DD /* GLRenderingEngine.cpp */; };
		B4CE1DE017DFB412009094E8 /* PositionColorShader.vsh in Resources */ = {isa = PBXBuildFile; fileRef = B4CE1DDC17DFB304009094E8 /* PositionColorShader.vsh */; };
		B4CE1DE117DFB412009094E8 /* PositionColorShader.fsh in Resources */ = {isa = PBXBuildFile; fileRef = B4CE1DDD17DFB304009094E8 /* PositionColorShader.fsh */; };
		B4CE1DE417DFB72C009094E8 /* GLSLProgram.cpp in Sources */ = {isa = PBXBuildFile; fileRef = B4CE1DE217DFB72C009094E8 /* GLSLProgram.cpp */; };
		B4CE1DE717DFBBD9009094E8 /* GLSLShader.cpp in Sources */ = {isa = PBXBuildFile; fileRef = B4CE1DE517DFBBD9009094E8 /* GLSLShader.cpp */; };
		B4CE1DEA17DFCCEA009094E8 /* GLLogger.cpp in Sources */ = {isa = PBXBuildFile; fileRef = B4CE1DE817DFCCE9009094E8 /* GLLogger.cpp */; };
		B4CE1DF017DFD906009094E8 /* GLResourceManager.mm in Sources */ = {isa = PBXBuildFile; fileRef = B4CE1DEF17DFD906009094E8 /* GLResourceManager.mm */; };
		B4DB8F9B185343B800FD292D /* GLSLDrawingState.cpp in Sources */ = {isa = PBXBuildFile; fileRef = B4DB8F99185343B800FD292D /* GLSLDrawingState.cpp */; };
		B4E0971417DB671400F4A436 /* UIKit.framework in Frameworks */ = {isa = PBXBuildFile; fileRef = B4E0971317DB671400F4A436 /* UIKit.framework */; };
		B4E0971617DB671400F4A436 /* Foundation.framework in Frameworks */ = {isa = PBXBuildFile; fileRef = B4E0971517DB671400F4A436 /* Foundation.framework */; };
		B4E0971817DB671400F4A436 /* CoreGraphics.framework in Frameworks */ = {isa = PBXBuildFile; fileRef = B4E0971717DB671400F4A436 /* CoreGraphics.framework */; };
		B4E0971E17DB671400F4A436 /* InfoPlist.strings in Resources */ = {isa = PBXBuildFile; fileRef = B4E0971C17DB671400F4A436 /* InfoPlist.strings */; };
		B4E0972017DB671400F4A436 /* main.m in Sources */ = {isa = PBXBuildFile; fileRef = B4E0971F17DB671400F4A436 /* main.m */; };
		B4E0972417DB671400F4A436 /* MGAppDelegate.m in Sources */ = {isa = PBXBuildFile; fileRef = B4E0972317DB671400F4A436 /* MGAppDelegate.m */; };
		B4E0972617DB671400F4A436 /* Default.png in Resources */ = {isa = PBXBuildFile; fileRef = B4E0972517DB671400F4A436 /* Default.png */; };
		B4E0972817DB671400F4A436 /* Default@2x.png in Resources */ = {isa = PBXBuildFile; fileRef = B4E0972717DB671400F4A436 /* Default@2x.png */; };
		B4E0972A17DB671400F4A436 /* Default-568h@2x.png in Resources */ = {isa = PBXBuildFile; fileRef = B4E0972917DB671400F4A436 /* Default-568h@2x.png */; };
		B4E0974417DB75DD00F4A436 /* MGOpenGLView.mm in Sources */ = {isa = PBXBuildFile; fileRef = B4E0974117DB75DD00F4A436 /* MGOpenGLView.mm */; };
		B4E0974517DB75DD00F4A436 /* MGOpenGLViewController.m in Sources */ = {isa = PBXBuildFile; fileRef = B4E0974317DB75DD00F4A436 /* MGOpenGLViewController.m */; };
		B4E0974717DB75ED00F4A436 /* QuartzCore.framework in Frameworks */ = {isa = PBXBuildFile; fileRef = B4E0974617DB75ED00F4A436 /* QuartzCore.framework */; };
		B4E0974917DB75F400F4A436 /* OpenGLES.framework in Frameworks */ = {isa = PBXBuildFile; fileRef = B4E0974817DB75F400F4A436 /* OpenGLES.framework */; };
		B4EF847A186AE06E00234C28 /* GLSLVector.cpp in Sources */ = {isa = PBXBuildFile; fileRef = B4EF8478186AE06E00234C28 /* GLSLVector.cpp */; };
		B4EF847D186AE07900234C28 /* GLSLMatrix.cpp in Sources */ = {isa = PBXBuildFile; fileRef = B4EF847B186AE07900234C28 /* GLSLMatrix.cpp */; };
		B4EF8480186AE08300234C28 /* GLSLQuaternion.cpp in Sources */ = {isa = PBXBuildFile; fileRef = B4EF847E186AE08300234C28 /* GLSLQuaternion.cpp */; };
		B4EF8494187863D900234C28 /* GLSLVertexArray.cpp in Sources */ = {isa = PBXBuildFile; fileRef = B4EF8492187863D900234C28 /* GLSLVertexArray.cpp */; };
/* End PBXBuildFile section */

/* Begin PBXFileReference section */
		B403F3BB17EE0D5700A2A4E8 /* GLSLAttribute.cpp */ = {isa = PBXFileReference; fileEncoding = 4; lastKnownFileType = sourcecode.cpp.cpp; path = GLSLAttribute.cpp; sourceTree = "<group>"; };
		B403F3BC17EE0D5700A2A4E8 /* GLSLAttribute.h */ = {isa = PBXFileReference; fileEncoding = 4; lastKnownFileType = sourcecode.c.h; path = GLSLAttribute.h; sourceTree = "<group>"; };
		B403F3BE17F0FE0400A2A4E8 /* GLSLUniform.cpp */ = {isa = PBXFileReference; fileEncoding = 4; lastKnownFileType = sourcecode.cpp.cpp; path = GLSLUniform.cpp; sourceTree = "<group>"; };
		B403F3BF17F0FE0400A2A4E8 /* GLSLUniform.h */ = {isa = PBXFileReference; fileEncoding = 4; lastKnownFileType = sourcecode.c.h; path = GLSLUniform.h; sourceTree = "<group>"; };
		B408BB7317F6DD2A00CC6900 /* GLSLVertexBuffer.cpp */ = {isa = PBXFileReference; fileEncoding = 4; lastKnownFileType = sourcecode.cpp.cpp; path = GLSLVertexBuffer.cpp; sourceTree = "<group>"; };
		B408BB7417F6DD2A00CC6900 /* GLSLVertexBuffer.h */ = {isa = PBXFileReference; fileEncoding = 4; lastKnownFileType = sourcecode.c.h; path = GLSLVertexBuffer.h; sourceTree = "<group>"; };
		B408BB7617F6DD3C00CC6900 /* GLSLIndexBuffer.cpp */ = {isa = PBXFileReference; fileEncoding = 4; lastKnownFileType = sourcecode.cpp.cpp; path = GLSLIndexBuffer.cpp; sourceTree = "<group>"; };
		B408BB7717F6DD3C00CC6900 /* GLSLIndexBuffer.h */ = {isa = PBXFileReference; fileEncoding = 4; lastKnownFileType = sourcecode.c.h; path = GLSLIndexBuffer.h; sourceTree = "<group>"; };
		B424616A182ED30000B51DB1 /* GLSLDrawing.cpp */ = {isa = PBXFileReference; fileEncoding = 4; lastKnownFileType = sourcecode.cpp.cpp; path = GLSLDrawing.cpp; sourceTree = "<group>"; };
		B424616B182ED30000B51DB1 /* GLSLDrawing.h */ = {isa = PBXFileReference; fileEncoding = 4; lastKnownFileType = sourcecode.c.h; path = GLSLDrawing.h; sourceTree = "<group>"; };
		B424616D182EE47800B51DB1 /* GLSLPositionColorDrawing.cpp */ = {isa = PBXFileReference; fileEncoding = 4; lastKnownFileType = sourcecode.cpp.cpp; path = GLSLPositionColorDrawing.cpp; sourceTree = "<group>"; };
		B424616E182EE47800B51DB1 /* GLSLPositionColorDrawing.h */ = {isa = PBXFileReference; fileEncoding = 4; lastKnownFileType = sourcecode.c.h; path = GLSLPositionColorDrawing.h; sourceTree = "<group>"; };
		B457A15617F6D486004EF4E0 /* GLSLBuffer.cpp */ = {isa = PBXFileReference; fileEncoding = 4; lastKnownFileType = sourcecode.cpp.cpp; path = GLSLBuffer.cpp; sourceTree = "<group>"; };
		B457A15717F6D486004EF4E0 /* GLSLBuffer.h */ = {isa = PBXFileReference; fileEncoding = 4; lastKnownFileType = sourcecode.c.h; path = GLSLBuffer.h; sourceTree = "<group>"; };
		B4659E7E184949B300D40A95 /* PerspectiveShader.vsh */ = {isa = PBXFileReference; explicitFileType = sourcecode.glsl; fileEncoding = 4; path = PerspectiveShader.vsh; sourceTree = "<group>"; };
		B4659E80184949C200D40A95 /* PerspectiveShader.fsh */ = {isa = PBXFileReference; explicitFileType = sourcecode.glsl; fileEncoding = 4; path = PerspectiveShader.fsh; sourceTree = "<group>"; };
		B4659E8418494AFC00D40A95 /* GLSLPerspectiveDrawing.cpp */ = {isa = PBXFileReference; fileEncoding = 4; lastKnownFileType = sourcecode.cpp.cpp; path = GLSLPerspectiveDrawing.cpp; sourceTree = "<group>"; };
		B4659E8518494AFC00D40A95 /* GLSLPerspectiveDrawing.h */ = {isa = PBXFileReference; fileEncoding = 4; lastKnownFileType = sourcecode.c.h; path = GLSLPerspectiveDrawing.h; sourceTree = "<group>"; };
		B469604E17F756C6002BCF6C /* GLVector.cpp */ = {isa = PBXFileReference; fileEncoding = 4; lastKnownFileType = sourcecode.cpp.cpp; path = GLVector.cpp; sourceTree = "<group>"; };
		B469604F17F756C6002BCF6C /* GLVector.h */ = {isa = PBXFileReference; fileEncoding = 4; lastKnownFileType = sourcecode.c.h; path = GLVector.h; sourceTree = "<group>"; };
		B469605117F75C25002BCF6C /* GLColor.cpp */ = {isa = PBXFileReference; fileEncoding = 4; lastKnownFileType = sourcecode.cpp.cpp; path = GLColor.cpp; sourceTree = "<group>"; };
		B469605217F75C25002BCF6C /* GLColor.h */ = {isa = PBXFileReference; fileEncoding = 4; lastKnownFileType = sourcecode.c.h; path = GLColor.h; sourceTree = "<group>"; };
		B469605517F76B5E002BCF6C /* GLPoint.cpp */ = {isa = PBXFileReference; fileEncoding = 4; lastKnownFileType = sourcecode.cpp.cpp; path = GLPoint.cpp; sourceTree = "<group>"; };
		B469605617F76B5E002BCF6C /* GLPoint.h */ = {isa = PBXFileReference; fileEncoding = 4; lastKnownFileType = sourcecode.c.h; path = GLPoint.h; sourceTree = "<group>"; };
		B469605817F8526F002BCF6C /* GLSLShaderValue.cpp */ = {isa = PBXFileReference; fileEncoding = 4; lastKnownFileType = sourcecode.cpp.cpp; path = GLSLShaderValue.cpp; sourceTree = "<group>"; };
		B469605917F8526F002BCF6C /* GLSLShaderValue.h */ = {isa = PBXFileReference; fileEncoding = 4; lastKnownFileType = sourcecode.c.h; path = GLSLShaderValue.h; sourceTree = "<group>"; };
		B469605B17F858BF002BCF6C /* GLSLVertex.cpp */ = {isa = PBXFileReference; fileEncoding = 4; lastKnownFileType = sourcecode.cpp.cpp; path = GLSLVertex.cpp; sourceTree = "<group>"; };
		B469605C17F858BF002BCF6C /* GLSLVertex.h */ = {isa = PBXFileReference; fileEncoding = 4; lastKnownFileType = sourcecode.c.h; path = GLSLVertex.h; sourceTree = "<group>"; };
		B47E8D9017DBD8E4008CE6DD /* GLRenderingEngine.cpp */ = {isa = PBXFileReference; fileEncoding = 4; lastKnownFileType = sourcecode.cpp.cpp; path = GLRenderingEngine.cpp; sourceTree = "<group>"; };
		B47E8D9117DBD8E4008CE6DD /* GLRenderingEngine.h */ = {isa = PBXFileReference; fileEncoding = 4; lastKnownFileType = sourcecode.c.h; path = GLRenderingEngine.h; sourceTree = "<group>"; };
		B4963F9518003B650037FC39 /* GLConstants.h */ = {isa = PBXFileReference; lastKnownFileType = sourcecode.c.h; path = GLConstants.h; sourceTree = "<group>"; };
		B4CE1DDC17DFB304009094E8 /* PositionColorShader.vsh */ = {isa = PBXFileReference; explicitFileType = sourcecode.glsl; fileEncoding = 4; path = PositionColorShader.vsh; sourceTree = "<group>"; };
		B4CE1DDD17DFB304009094E8 /* PositionColorShader.fsh */ = {isa = PBXFileReference; explicitFileType = sourcecode.glsl; fileEncoding = 4; path = PositionColorShader.fsh; sourceTree = "<group>"; };
		B4CE1DE217DFB72C009094E8 /* GLSLProgram.cpp */ = {isa = PBXFileReference; fileEncoding = 4; lastKnownFileType = sourcecode.cpp.cpp; path = GLSLProgram.cpp; sourceTree = "<group>"; };
		B4CE1DE317DFB72C009094E8 /* GLSLProgram.h */ = {isa = PBXFileReference; fileEncoding = 4; lastKnownFileType = sourcecode.c.h; path = GLSLProgram.h; sourceTree = "<group>"; };
		B4CE1DE517DFBBD9009094E8 /* GLSLShader.cpp */ = {isa = PBXFileReference; fileEncoding = 4; lastKnownFileType = sourcecode.cpp.cpp; path = GLSLShader.cpp; sourceTree = "<group>"; };
		B4CE1DE617DFBBD9009094E8 /* GLSLShader.h */ = {isa = PBXFileReference; fileEncoding = 4; lastKnownFileType = sourcecode.c.h; path = GLSLShader.h; sourceTree = "<group>"; };
		B4CE1DE817DFCCE9009094E8 /* GLLogger.cpp */ = {isa = PBXFileReference; fileEncoding = 4; lastKnownFileType = sourcecode.cpp.cpp; path = GLLogger.cpp; sourceTree = "<group>"; };
		B4CE1DE917DFCCE9009094E8 /* GLLogger.h */ = {isa = PBXFileReference; fileEncoding = 4; lastKnownFileType = sourcecode.c.h; path = GLLogger.h; sourceTree = "<group>"; };
		B4CE1DEE17DFD906009094E8 /* GLResourceManager.h */ = {isa = PBXFileReference; fileEncoding = 4; lastKnownFileType = sourcecode.c.h; name = GLResourceManager.h; path = MentalGame/GLResourceManager.h; sourceTree = "<group>"; };
		B4CE1DEF17DFD906009094E8 /* GLResourceManager.mm */ = {isa = PBXFileReference; fileEncoding = 4; lastKnownFileType = sourcecode.cpp.objcpp; name = GLResourceManager.mm; path = MentalGame/GLResourceManager.mm; sourceTree = "<group>"; };
		B4DB8F99185343B800FD292D /* GLSLDrawingState.cpp */ = {isa = PBXFileReference; fileEncoding = 4; lastKnownFileType = sourcecode.cpp.cpp; path = GLSLDrawingState.cpp; sourceTree = "<group>"; };
		B4DB8F9A185343B800FD292D /* GLSLDrawingState.h */ = {isa = PBXFileReference; fileEncoding = 4; lastKnownFileType = sourcecode.c.h; path = GLSLDrawingState.h; sourceTree = "<group>"; };
		B4E0971017DB671400F4A436 /* MentalGame.app */ = {isa = PBXFileReference; explicitFileType = wrapper.application; includeInIndex = 0; path = MentalGame.app; sourceTree = BUILT_PRODUCTS_DIR; };
		B4E0971317DB671400F4A436 /* UIKit.framework */ = {isa = PBXFileReference; lastKnownFileType = wrapper.framework; name = UIKit.framework; path = System/Library/Frameworks/UIKit.framework; sourceTree = SDKROOT; };
		B4E0971517DB671400F4A436 /* Foundation.framework */ = {isa = PBXFileReference; lastKnownFileType = wrapper.framework; name = Foundation.framework; path = System/Library/Frameworks/Foundation.framework; sourceTree = SDKROOT; };
		B4E0971717DB671400F4A436 /* CoreGraphics.framework */ = {isa = PBXFileReference; lastKnownFileType = wrapper.framework; name = CoreGraphics.framework; path = System/Library/Frameworks/CoreGraphics.framework; sourceTree = SDKROOT; };
		B4E0971B17DB671400F4A436 /* MentalGame-Info.plist */ = {isa = PBXFileReference; lastKnownFileType = text.plist.xml; path = "MentalGame-Info.plist"; sourceTree = "<group>"; };
		B4E0971D17DB671400F4A436 /* en */ = {isa = PBXFileReference; lastKnownFileType = text.plist.strings; name = en; path = en.lproj/InfoPlist.strings; sourceTree = "<group>"; };
		B4E0971F17DB671400F4A436 /* main.m */ = {isa = PBXFileReference; lastKnownFileType = sourcecode.c.objc; path = main.m; sourceTree = "<group>"; };
		B4E0972117DB671400F4A436 /* MentalGame-Prefix.pch */ = {isa = PBXFileReference; lastKnownFileType = sourcecode.c.h; path = "MentalGame-Prefix.pch"; sourceTree = "<group>"; };
		B4E0972217DB671400F4A436 /* MGAppDelegate.h */ = {isa = PBXFileReference; lastKnownFileType = sourcecode.c.h; path = MGAppDelegate.h; sourceTree = "<group>"; };
		B4E0972317DB671400F4A436 /* MGAppDelegate.m */ = {isa = PBXFileReference; lastKnownFileType = sourcecode.c.objc; path = MGAppDelegate.m; sourceTree = "<group>"; };
		B4E0972517DB671400F4A436 /* Default.png */ = {isa = PBXFileReference; lastKnownFileType = image.png; path = Default.png; sourceTree = "<group>"; };
		B4E0972717DB671400F4A436 /* Default@2x.png */ = {isa = PBXFileReference; lastKnownFileType = image.png; path = "Default@2x.png"; sourceTree = "<group>"; };
		B4E0972917DB671400F4A436 /* Default-568h@2x.png */ = {isa = PBXFileReference; lastKnownFileType = image.png; path = "Default-568h@2x.png"; sourceTree = "<group>"; };
		B4E0974017DB75DD00F4A436 /* MGOpenGLView.h */ = {isa = PBXFileReference; fileEncoding = 4; lastKnownFileType = sourcecode.c.h; path = MGOpenGLView.h; sourceTree = "<group>"; };
		B4E0974117DB75DD00F4A436 /* MGOpenGLView.mm */ = {isa = PBXFileReference; fileEncoding = 4; lastKnownFileType = sourcecode.cpp.objcpp; path = MGOpenGLView.mm; sourceTree = "<group>"; };
		B4E0974217DB75DD00F4A436 /* MGOpenGLViewController.h */ = {isa = PBXFileReference; fileEncoding = 4; lastKnownFileType = sourcecode.c.h; path = MGOpenGLViewController.h; sourceTree = "<group>"; };
		B4E0974317DB75DD00F4A436 /* MGOpenGLViewController.m */ = {isa = PBXFileReference; fileEncoding = 4; lastKnownFileType = sourcecode.c.objc; path = MGOpenGLViewController.m; sourceTree = "<group>"; };
		B4E0974617DB75ED00F4A436 /* QuartzCore.framework */ = {isa = PBXFileReference; lastKnownFileType = wrapper.framework; name = QuartzCore.framework; path = System/Library/Frameworks/QuartzCore.framework; sourceTree = SDKROOT; };
		B4E0974817DB75F400F4A436 /* OpenGLES.framework */ = {isa = PBXFileReference; lastKnownFileType = wrapper.framework; name = OpenGLES.framework; path = System/Library/Frameworks/OpenGLES.framework; sourceTree = SDKROOT; };
		B4EF8478186AE06E00234C28 /* GLSLVector.cpp */ = {isa = PBXFileReference; fileEncoding = 4; lastKnownFileType = sourcecode.cpp.cpp; path = GLSLVector.cpp; sourceTree = "<group>"; };
		B4EF8479186AE06E00234C28 /* GLSLVector.h */ = {isa = PBXFileReference; fileEncoding = 4; lastKnownFileType = sourcecode.c.h; path = GLSLVector.h; sourceTree = "<group>"; };
		B4EF847B186AE07900234C28 /* GLSLMatrix.cpp */ = {isa = PBXFileReference; fileEncoding = 4; lastKnownFileType = sourcecode.cpp.cpp; path = GLSLMatrix.cpp; sourceTree = "<group>"; };
		B4EF847C186AE07900234C28 /* GLSLMatrix.h */ = {isa = PBXFileReference; fileEncoding = 4; lastKnownFileType = sourcecode.c.h; path = GLSLMatrix.h; sourceTree = "<group>"; };
		B4EF847E186AE08300234C28 /* GLSLQuaternion.cpp */ = {isa = PBXFileReference; fileEncoding = 4; lastKnownFileType = sourcecode.cpp.cpp; path = GLSLQuaternion.cpp; sourceTree = "<group>"; };
		B4EF847F186AE08300234C28 /* GLSLQuaternion.h */ = {isa = PBXFileReference; fileEncoding = 4; lastKnownFileType = sourcecode.c.h; path = GLSLQuaternion.h; sourceTree = "<group>"; };
		B4EF8488186C2FD000234C28 /* GLDefaultConstants.h */ = {isa = PBXFileReference; lastKnownFileType = sourcecode.c.h; path = GLDefaultConstants.h; sourceTree = "<group>"; };
		B4EF8492187863D900234C28 /* GLSLVertexArray.cpp */ = {isa = PBXFileReference; fileEncoding = 4; lastKnownFileType = sourcecode.cpp.cpp; path = GLSLVertexArray.cpp; sourceTree = "<group>"; };
		B4EF8493187863D900234C28 /* GLSLVertexArray.h */ = {isa = PBXFileReference; fileEncoding = 4; lastKnownFileType = sourcecode.c.h; path = GLSLVertexArray.h; sourceTree = "<group>"; };
/* End PBXFileReference section */

/* Begin PBXFrameworksBuildPhase section */
		B4E0970D17DB671400F4A436 /* Frameworks */ = {
			isa = PBXFrameworksBuildPhase;
			buildActionMask = 2147483647;
			files = (
				B4E0974917DB75F400F4A436 /* OpenGLES.framework in Frameworks */,
				B4E0974717DB75ED00F4A436 /* QuartzCore.framework in Frameworks */,
				B4E0971417DB671400F4A436 /* UIKit.framework in Frameworks */,
				B4E0971617DB671400F4A436 /* Foundation.framework in Frameworks */,
				B4E0971817DB671400F4A436 /* CoreGraphics.framework in Frameworks */,
			);
			runOnlyForDeploymentPostprocessing = 0;
		};
/* End PBXFrameworksBuildPhase section */

/* Begin PBXGroup section */
		B4246169182ED2BC00B51DB1 /* Drawing */ = {
			isa = PBXGroup;
			children = (
				B4DB8F98185343A400FD292D /* GLSLDrawingState */,
				B424616A182ED30000B51DB1 /* GLSLDrawing.cpp */,
				B424616B182ED30000B51DB1 /* GLSLDrawing.h */,
				B424616D182EE47800B51DB1 /* GLSLPositionColorDrawing.cpp */,
				B424616E182EE47800B51DB1 /* GLSLPositionColorDrawing.h */,
				B4659E8418494AFC00D40A95 /* GLSLPerspectiveDrawing.cpp */,
				B4659E8518494AFC00D40A95 /* GLSLPerspectiveDrawing.h */,
			);
			name = Drawing;
			sourceTree = "<group>";
		};
		B47E8D8F17DBD7EE008CE6DD /* RenderingEngine */ = {
			isa = PBXGroup;
			children = (
				B4EF8485186B3CA900234C28 /* GLLogger */,
				B4EF84771869EA1F00234C28 /* Math */,
				B4D70D5E182C2EBE00771FA8 /* Program */,
				B4963F9418003B490037FC39 /* Constants */,
				B4963F911800228F0037FC39 /* Primitive types */,
				B4963F90180022770037FC39 /* Buffers */,
				B4963F921800232C0037FC39 /* Shader values */,
				B4AFEF841809716C007846A1 /* Vertex */,
				B4EF8491187863C300234C28 /* Vertex Array */,
				B4246169182ED2BC00B51DB1 /* Drawing */,
				B48BCB2A17DFAB50005DBC3D /* ResourceManager */,
				B47E8D9017DBD8E4008CE6DD /* GLRenderingEngine.cpp */,
				B47E8D9117DBD8E4008CE6DD /* GLRenderingEngine.h */,
			);
			name = RenderingEngine;
			sourceTree = "<group>";
		};
		B47E8DCA17DBE022008CE6DD /* Shaders */ = {
			isa = PBXGroup;
			children = (
				B4CE1DDC17DFB304009094E8 /* PositionColorShader.vsh */,
				B4CE1DDD17DFB304009094E8 /* PositionColorShader.fsh */,
				B4659E7E184949B300D40A95 /* PerspectiveShader.vsh */,
				B4659E80184949C200D40A95 /* PerspectiveShader.fsh */,
			);
			name = Shaders;
			path = ../../OpenGLTest/OpenGLTest/Shaders;
			sourceTree = "<group>";
		};
		B48BCB2A17DFAB50005DBC3D /* ResourceManager */ = {
			isa = PBXGroup;
			children = (
				B4CE1DEE17DFD906009094E8 /* GLResourceManager.h */,
				B4CE1DEF17DFD906009094E8 /* GLResourceManager.mm */,
			);
			name = ResourceManager;
			path = ..;
			sourceTree = "<group>";
		};
		B4963F90180022770037FC39 /* Buffers */ = {
			isa = PBXGroup;
			children = (
				B457A15617F6D486004EF4E0 /* GLSLBuffer.cpp */,
				B457A15717F6D486004EF4E0 /* GLSLBuffer.h */,
				B408BB7317F6DD2A00CC6900 /* GLSLVertexBuffer.cpp */,
				B408BB7417F6DD2A00CC6900 /* GLSLVertexBuffer.h */,
				B408BB7617F6DD3C00CC6900 /* GLSLIndexBuffer.cpp */,
				B408BB7717F6DD3C00CC6900 /* GLSLIndexBuffer.h */,
			);
			name = Buffers;
			sourceTree = "<group>";
		};
		B4963F911800228F0037FC39 /* Primitive types */ = {
			isa = PBXGroup;
			children = (
				B469605517F76B5E002BCF6C /* GLPoint.cpp */,
				B469605617F76B5E002BCF6C /* GLPoint.h */,
				B469605117F75C25002BCF6C /* GLColor.cpp */,
				B469605217F75C25002BCF6C /* GLColor.h */,
				B469604E17F756C6002BCF6C /* GLVector.cpp */,
				B469604F17F756C6002BCF6C /* GLVector.h */,
			);
			name = "Primitive types";
			sourceTree = "<group>";
		};
		B4963F921800232C0037FC39 /* Shader values */ = {
			isa = PBXGroup;
			children = (
				B469605817F8526F002BCF6C /* GLSLShaderValue.cpp */,
				B469605917F8526F002BCF6C /* GLSLShaderValue.h */,
				B403F3BB17EE0D5700A2A4E8 /* GLSLAttribute.cpp */,
				B403F3BC17EE0D5700A2A4E8 /* GLSLAttribute.h */,
				B403F3BE17F0FE0400A2A4E8 /* GLSLUniform.cpp */,
				B403F3BF17F0FE0400A2A4E8 /* GLSLUniform.h */,
			);
			name = "Shader values";
			sourceTree = "<group>";
		};
		B4963F9418003B490037FC39 /* Constants */ = {
			isa = PBXGroup;
			children = (
				B4963F9518003B650037FC39 /* GLConstants.h */,
				B4EF8488186C2FD000234C28 /* GLDefaultConstants.h */,
			);
			name = Constants;
			sourceTree = "<group>";
		};
		B4AFEF841809716C007846A1 /* Vertex */ = {
			isa = PBXGroup;
			children = (
				B469605B17F858BF002BCF6C /* GLSLVertex.cpp */,
				B469605C17F858BF002BCF6C /* GLSLVertex.h */,
			);
			name = Vertex;
			sourceTree = "<group>";
		};
		B4D70D5E182C2EBE00771FA8 /* Program */ = {
			isa = PBXGroup;
			children = (
				B4CE1DE217DFB72C009094E8 /* GLSLProgram.cpp */,
				B4CE1DE317DFB72C009094E8 /* GLSLProgram.h */,
				B4CE1DE517DFBBD9009094E8 /* GLSLShader.cpp */,
				B4CE1DE617DFBBD9009094E8 /* GLSLShader.h */,
			);
			name = Program;
			sourceTree = "<group>";
		};
		B4DB8F98185343A400FD292D /* GLSLDrawingState */ = {
			isa = PBXGroup;
			children = (
				B4DB8F99185343B800FD292D /* GLSLDrawingState.cpp */,
				B4DB8F9A185343B800FD292D /* GLSLDrawingState.h */,
			);
			name = GLSLDrawingState;
			sourceTree = "<group>";
		};
		B4E0970717DB671400F4A436 = {
			isa = PBXGroup;
			children = (
				B4E0971917DB671400F4A436 /* MentalGame */,
				B4E0971217DB671400F4A436 /* Frameworks */,
				B4E0971117DB671400F4A436 /* Products */,
			);
			sourceTree = "<group>";
		};
		B4E0971117DB671400F4A436 /* Products */ = {
			isa = PBXGroup;
			children = (
				B4E0971017DB671400F4A436 /* MentalGame.app */,
			);
			name = Products;
			sourceTree = "<group>";
		};
		B4E0971217DB671400F4A436 /* Frameworks */ = {
			isa = PBXGroup;
			children = (
				B4E0971717DB671400F4A436 /* CoreGraphics.framework */,
				B4E0971517DB671400F4A436 /* Foundation.framework */,
				B4E0974817DB75F400F4A436 /* OpenGLES.framework */,
				B4E0974617DB75ED00F4A436 /* QuartzCore.framework */,
				B4E0971317DB671400F4A436 /* UIKit.framework */,
			);
			name = Frameworks;
			sourceTree = "<group>";
		};
		B4E0971917DB671400F4A436 /* MentalGame */ = {
			isa = PBXGroup;
			children = (
				B47E8DCA17DBE022008CE6DD /* Shaders */,
				B47E8D8F17DBD7EE008CE6DD /* RenderingEngine */,
				B4E0974C17DB762500F4A436 /* Views */,
				B4E0974B17DB761E00F4A436 /* View Controllers */,
				B4E0974A17DB761700F4A436 /* Main */,
				B4E0971A17DB671400F4A436 /* Supporting Files */,
			);
			path = MentalGame;
			sourceTree = "<group>";
		};
		B4E0971A17DB671400F4A436 /* Supporting Files */ = {
			isa = PBXGroup;
			children = (
				B4E0971B17DB671400F4A436 /* MentalGame-Info.plist */,
				B4E0971C17DB671400F4A436 /* InfoPlist.strings */,
				B4E0971F17DB671400F4A436 /* main.m */,
				B4E0972117DB671400F4A436 /* MentalGame-Prefix.pch */,
				B4E0972517DB671400F4A436 /* Default.png */,
				B4E0972717DB671400F4A436 /* Default@2x.png */,
				B4E0972917DB671400F4A436 /* Default-568h@2x.png */,
			);
			name = "Supporting Files";
			sourceTree = "<group>";
		};
		B4E0974A17DB761700F4A436 /* Main */ = {
			isa = PBXGroup;
			children = (
				B4E0972217DB671400F4A436 /* MGAppDelegate.h */,
				B4E0972317DB671400F4A436 /* MGAppDelegate.m */,
			);
			name = Main;
			sourceTree = "<group>";
		};
		B4E0974B17DB761E00F4A436 /* View Controllers */ = {
			isa = PBXGroup;
			children = (
				B4E0974D17DB762D00F4A436 /* MGOpenGLViewController */,
			);
			name = "View Controllers";
			sourceTree = "<group>";
		};
		B4E0974C17DB762500F4A436 /* Views */ = {
			isa = PBXGroup;
			children = (
				B4E0974E17DB763700F4A436 /* MGOpenGLView */,
			);
			name = Views;
			sourceTree = "<group>";
		};
		B4E0974D17DB762D00F4A436 /* MGOpenGLViewController */ = {
			isa = PBXGroup;
			children = (
				B4E0974217DB75DD00F4A436 /* MGOpenGLViewController.h */,
				B4E0974317DB75DD00F4A436 /* MGOpenGLViewController.m */,
			);
			name = MGOpenGLViewController;
			sourceTree = "<group>";
		};
		B4E0974E17DB763700F4A436 /* MGOpenGLView */ = {
			isa = PBXGroup;
			children = (
				B4E0974017DB75DD00F4A436 /* MGOpenGLView.h */,
				B4E0974117DB75DD00F4A436 /* MGOpenGLView.mm */,
			);
			name = MGOpenGLView;
			sourceTree = "<group>";
		};
		B4EF84771869EA1F00234C28 /* Math */ = {
			isa = PBXGroup;
			children = (
				B4EF8478186AE06E00234C28 /* GLSLVector.cpp */,
				B4EF8479186AE06E00234C28 /* GLSLVector.h */,
				B4EF847B186AE07900234C28 /* GLSLMatrix.cpp */,
				B4EF847C186AE07900234C28 /* GLSLMatrix.h */,
				B4EF847E186AE08300234C28 /* GLSLQuaternion.cpp */,
				B4EF847F186AE08300234C28 /* GLSLQuaternion.h */,
			);
			name = Math;
			sourceTree = "<group>";
		};
		B4EF8485186B3CA900234C28 /* GLLogger */ = {
			isa = PBXGroup;
			children = (
				B4CE1DE817DFCCE9009094E8 /* GLLogger.cpp */,
				B4CE1DE917DFCCE9009094E8 /* GLLogger.h */,
			);
			name = GLLogger;
			sourceTree = "<group>";
		};
		B4EF8491187863C300234C28 /* Vertex Array */ = {
			isa = PBXGroup;
			children = (
				B4EF8492187863D900234C28 /* GLSLVertexArray.cpp */,
				B4EF8493187863D900234C28 /* GLSLVertexArray.h */,
			);
			name = "Vertex Array";
			sourceTree = "<group>";
		};
/* End PBXGroup section */

/* Begin PBXNativeTarget section */
		B4E0970F17DB671400F4A436 /* MentalGame */ = {
			isa = PBXNativeTarget;
			buildConfigurationList = B4E0972D17DB671400F4A436 /* Build configuration list for PBXNativeTarget "MentalGame" */;
			buildPhases = (
				B4E0970C17DB671400F4A436 /* Sources */,
				B4E0970D17DB671400F4A436 /* Frameworks */,
				B4E0970E17DB671400F4A436 /* Resources */,
			);
			buildRules = (
			);
			dependencies = (
			);
			name = MentalGame;
			productName = MentalGame;
			productReference = B4E0971017DB671400F4A436 /* MentalGame.app */;
			productType = "com.apple.product-type.application";
		};
/* End PBXNativeTarget section */

/* Begin PBXProject section */
		B4E0970817DB671400F4A436 /* Project object */ = {
			isa = PBXProject;
			attributes = {
				CLASSPREFIX = MG;
				LastUpgradeCheck = 0460;
				ORGANIZATIONNAME = "Sergey Alpeev";
			};
			buildConfigurationList = B4E0970B17DB671400F4A436 /* Build configuration list for PBXProject "MentalGame" */;
			compatibilityVersion = "Xcode 3.2";
			developmentRegion = English;
			hasScannedForEncodings = 0;
			knownRegions = (
				en,
			);
			mainGroup = B4E0970717DB671400F4A436;
			productRefGroup = B4E0971117DB671400F4A436 /* Products */;
			projectDirPath = "";
			projectRoot = "";
			targets = (
				B4E0970F17DB671400F4A436 /* MentalGame */,
			);
		};
/* End PBXProject section */

/* Begin PBXResourcesBuildPhase section */
		B4E0970E17DB671400F4A436 /* Resources */ = {
			isa = PBXResourcesBuildPhase;
			buildActionMask = 2147483647;
			files = (
				B4659E8318494A5600D40A95 /* PerspectiveShader.fsh in Resources */,
				B4659E8218494A5300D40A95 /* PerspectiveShader.vsh in Resources */,
				B4CE1DE017DFB412009094E8 /* PositionColorShader.vsh in Resources */,
				B4CE1DE117DFB412009094E8 /* PositionColorShader.fsh in Resources */,
				B4E0971E17DB671400F4A436 /* InfoPlist.strings in Resources */,
				B4E0972617DB671400F4A436 /* Default.png in Resources */,
				B4E0972817DB671400F4A436 /* Default@2x.png in Resources */,
				B4E0972A17DB671400F4A436 /* Default-568h@2x.png in Resources */,
			);
			runOnlyForDeploymentPostprocessing = 0;
		};
/* End PBXResourcesBuildPhase section */

/* Begin PBXSourcesBuildPhase section */
		B4E0970C17DB671400F4A436 /* Sources */ = {
			isa = PBXSourcesBuildPhase;
			buildActionMask = 2147483647;
			files = (
				B424616F182EE47800B51DB1 /* GLSLPositionColorDrawing.cpp in Sources */,
				B4E0972017DB671400F4A436 /* main.m in Sources */,
				B4E0972417DB671400F4A436 /* MGAppDelegate.m in Sources */,
				B4659E8618494AFC00D40A95 /* GLSLPerspectiveDrawing.cpp in Sources */,
				B4EF847A186AE06E00234C28 /* GLSLVector.cpp in Sources */,
				B424616C182ED30000B51DB1 /* GLSLDrawing.cpp in Sources */,
				B403F3BD17EE0D5700A2A4E8 /* GLSLAttribute.cpp in Sources */,
				B4EF847D186AE07900234C28 /* GLSLMatrix.cpp in Sources */,
				B469605D17F858BF002BCF6C /* GLSLVertex.cpp in Sources */,
				B469605717F76B5E002BCF6C /* GLPoint.cpp in Sources */,
				B469605317F75C25002BCF6C /* GLColor.cpp in Sources */,
				B4EF8480186AE08300234C28 /* GLSLQuaternion.cpp in Sources */,
				B469605017F756C6002BCF6C /* GLVector.cpp in Sources */,
				B457A15817F6D486004EF4E0 /* GLSLBuffer.cpp in Sources */,
				B403F3C017F0FE0400A2A4E8 /* GLSLUniform.cpp in Sources */,
				B4E0974417DB75DD00F4A436 /* MGOpenGLView.mm in Sources */,
				B4E0974517DB75DD00F4A436 /* MGOpenGLViewController.m in Sources */,
				B47E8D9217DBD8E4008CE6DD /* GLRenderingEngine.cpp in Sources */,
				B408BB7817F6DD3C00CC6900 /* GLSLIndexBuffer.cpp in Sources */,
				B469605A17F8526F002BCF6C /* GLSLShaderValue.cpp in Sources */,
				B4CE1DE417DFB72C009094E8 /* GLSLProgram.cpp in Sources */,
				B4EF8494187863D900234C28 /* GLSLVertexArray.cpp in Sources */,
				B408BB7517F6DD2A00CC6900 /* GLSLVertexBuffer.cpp in Sources */,
				B4DB8F9B185343B800FD292D /* GLSLDrawingState.cpp in Sources */,
				B4CE1DE717DFBBD9009094E8 /* GLSLShader.cpp in Sources */,
				B4CE1DEA17DFCCEA009094E8 /* GLLogger.cpp in Sources */,
				B4CE1DF017DFD906009094E8 /* GLResourceManager.mm in Sources */,
			);
			runOnlyForDeploymentPostprocessing = 0;
		};
/* End PBXSourcesBuildPhase section */

/* Begin PBXVariantGroup section */
		B4E0971C17DB671400F4A436 /* InfoPlist.strings */ = {
			isa = PBXVariantGroup;
			children = (
				B4E0971D17DB671400F4A436 /* en */,
			);
			name = InfoPlist.strings;
			sourceTree = "<group>";
		};
/* End PBXVariantGroup section */

/* Begin XCBuildConfiguration section */
		B4E0972B17DB671400F4A436 /* Debug */ = {
			isa = XCBuildConfiguration;
			buildSettings = {
				ALWAYS_SEARCH_USER_PATHS = NO;
				CLANG_CXX_LANGUAGE_STANDARD = "gnu++0x";
				CLANG_CXX_LIBRARY = "libc++";
				CLANG_ENABLE_OBJC_ARC = YES;
				CLANG_WARN_CONSTANT_CONVERSION = YES;
				CLANG_WARN_EMPTY_BODY = YES;
				CLANG_WARN_ENUM_CONVERSION = YES;
				CLANG_WARN_INT_CONVERSION = YES;
				CLANG_WARN__DUPLICATE_METHOD_MATCH = YES;
				"CODE_SIGN_IDENTITY[sdk=iphoneos*]" = "iPhone Developer";
				COPY_PHASE_STRIP = NO;
				GCC_C_LANGUAGE_STANDARD = gnu99;
				GCC_DYNAMIC_NO_PIC = NO;
				GCC_OPTIMIZATION_LEVEL = 0;
				GCC_PREPROCESSOR_DEFINITIONS = (
					"DEBUG=1",
					"$(inherited)",
				);
				GCC_SYMBOLS_PRIVATE_EXTERN = NO;
				GCC_WARN_ABOUT_RETURN_TYPE = YES;
				GCC_WARN_UNINITIALIZED_AUTOS = YES;
				GCC_WARN_UNUSED_VARIABLE = YES;
				IPHONEOS_DEPLOYMENT_TARGET = 6.1;
				ONLY_ACTIVE_ARCH = YES;
				SDKROOT = iphoneos;
			};
			name = Debug;
		};
		B4E0972C17DB671400F4A436 /* Release */ = {
			isa = XCBuildConfiguration;
			buildSettings = {
				ALWAYS_SEARCH_USER_PATHS = NO;
				CLANG_CXX_LANGUAGE_STANDARD = "gnu++0x";
				CLANG_CXX_LIBRARY = "libc++";
				CLANG_ENABLE_OBJC_ARC = YES;
				CLANG_WARN_CONSTANT_CONVERSION = YES;
				CLANG_WARN_EMPTY_BODY = YES;
				CLANG_WARN_ENUM_CONVERSION = YES;
				CLANG_WARN_INT_CONVERSION = YES;
				CLANG_WARN__DUPLICATE_METHOD_MATCH = YES;
				"CODE_SIGN_IDENTITY[sdk=iphoneos*]" = "iPhone Developer";
				COPY_PHASE_STRIP = YES;
				GCC_C_LANGUAGE_STANDARD = gnu99;
				GCC_WARN_ABOUT_RETURN_TYPE = YES;
				GCC_WARN_UNINITIALIZED_AUTOS = YES;
				GCC_WARN_UNUSED_VARIABLE = YES;
				IPHONEOS_DEPLOYMENT_TARGET = 6.1;
				OTHER_CFLAGS = "-DNS_BLOCK_ASSERTIONS=1";
				SDKROOT = iphoneos;
				VALIDATE_PRODUCT = YES;
			};
			name = Release;
		};
		B4E0972E17DB671400F4A436 /* Debug */ = {
			isa = XCBuildConfiguration;
			buildSettings = {
				GCC_PRECOMPILE_PREFIX_HEADER = YES;
				GCC_PREFIX_HEADER = "MentalGame/MentalGame-Prefix.pch";
				INFOPLIST_FILE = "MentalGame/MentalGame-Info.plist";
				IPHONEOS_DEPLOYMENT_TARGET = 7.0;
				PRODUCT_NAME = "$(TARGET_NAME)";
				TARGETED_DEVICE_FAMILY = "1,2";
				WRAPPER_EXTENSION = app;
			};
			name = Debug;
		};
		B4E0972F17DB671400F4A436 /* Release */ = {
			isa = XCBuildConfiguration;
			buildSettings = {
				GCC_PRECOMPILE_PREFIX_HEADER = YES;
				GCC_PREFIX_HEADER = "MentalGame/MentalGame-Prefix.pch";
				INFOPLIST_FILE = "MentalGame/MentalGame-Info.plist";
				IPHONEOS_DEPLOYMENT_TARGET = 7.0;
				PRODUCT_NAME = "$(TARGET_NAME)";
				TARGETED_DEVICE_FAMILY = "1,2";
				WRAPPER_EXTENSION = app;
			};
			name = Release;
		};
/* End XCBuildConfiguration section */

/* Begin XCConfigurationList section */
		B4E0970B17DB671400F4A436 /* Build configuration list for PBXProject "MentalGame" */ = {
			isa = XCConfigurationList;
			buildConfigurations = (
				B4E0972B17DB671400F4A436 /* Debug */,
				B4E0972C17DB671400F4A436 /* Release */,
			);
			defaultConfigurationIsVisible = 0;
			defaultConfigurationName = Release;
		};
		B4E0972D17DB671400F4A436 /* Build configuration list for PBXNativeTarget "MentalGame" */ = {
			isa = XCConfigurationList;
			buildConfigurations = (
				B4E0972E17DB671400F4A436 /* Debug */,
				B4E0972F17DB671400F4A436 /* Release */,
			);
			defaultConfigurationIsVisible = 0;
			defaultConfigurationName = Release;
		};
/* End XCConfigurationList section */
	};
	rootObject = B4E0970817DB671400F4A436 /* Project object */;
}
