// !$*UTF8*$!
{
	archiveVersion = 1;
	classes = {
	};
	objectVersion = 46;
	objects = {

/* Begin PBXBuildFile section */
		B403F3BD17EE0D5700A2A4E8 /* Attribute.cpp in Sources */ = {isa = PBXBuildFile; fileRef = B403F3BB17EE0D5700A2A4E8 /* Attribute.cpp */; };
		B403F3C017F0FE0400A2A4E8 /* Uniform.cpp in Sources */ = {isa = PBXBuildFile; fileRef = B403F3BE17F0FE0400A2A4E8 /* Uniform.cpp */; };
		B403FD66191ABD9600C29740 /* RoomDrawing.cpp in Sources */ = {isa = PBXBuildFile; fileRef = B403FD64191ABD9600C29740 /* RoomDrawing.cpp */; };
		B408BB7517F6DD2A00CC6900 /* VertexBuffer.cpp in Sources */ = {isa = PBXBuildFile; fileRef = B408BB7317F6DD2A00CC6900 /* VertexBuffer.cpp */; };
		B408BB7817F6DD3C00CC6900 /* IndexBuffer.cpp in Sources */ = {isa = PBXBuildFile; fileRef = B408BB7617F6DD3C00CC6900 /* IndexBuffer.cpp */; };
		B41CAA2518AC0C76001E1B1A /* DrawingLeaf.cpp in Sources */ = {isa = PBXBuildFile; fileRef = B41CAA2318AC0C76001E1B1A /* DrawingLeaf.cpp */; };
		B41CAA2C18AC1ABA001E1B1A /* Plane.cpp in Sources */ = {isa = PBXBuildFile; fileRef = B41CAA2A18AC1ABA001E1B1A /* Plane.cpp */; };
		B41D18251930E7D400ABC580 /* BufferCamera.cpp in Sources */ = {isa = PBXBuildFile; fileRef = B41D18231930E7D400ABC580 /* BufferCamera.cpp */; };
		B41D18281930E90C00ABC580 /* TextureCamera.cpp in Sources */ = {isa = PBXBuildFile; fileRef = B41D18261930E90C00ABC580 /* TextureCamera.cpp */; };
		B42296B018DEFC5E004A3089 /* ModelviewModifier.cpp in Sources */ = {isa = PBXBuildFile; fileRef = B42296AF18DEFC5E004A3089 /* ModelviewModifier.cpp */; };
		B42296B318DF0159004A3089 /* PositionModelviewModifier.cpp in Sources */ = {isa = PBXBuildFile; fileRef = B42296B118DF0159004A3089 /* PositionModelviewModifier.cpp */; };
		B42296B618DF0167004A3089 /* QuaternionModelviewModifier.cpp in Sources */ = {isa = PBXBuildFile; fileRef = B42296B418DF0167004A3089 /* QuaternionModelviewModifier.cpp */; };
		B42296BC18E6DA99004A3089 /* FullscreenDrawing.cpp in Sources */ = {isa = PBXBuildFile; fileRef = B42296BA18E6DA99004A3089 /* FullscreenDrawing.cpp */; };
		B429BEDA19150B6800DA2D3C /* Ukraine.jpg in Resources */ = {isa = PBXBuildFile; fileRef = B429BED919150B6800DA2D3C /* Ukraine.jpg */; };
		B429BEDD19150ECD00DA2D3C /* TextureImage.cpp in Sources */ = {isa = PBXBuildFile; fileRef = B429BEDB19150ECD00DA2D3C /* TextureImage.cpp */; };
		B429BEDF191652DD00DA2D3C /* TextureShader.vsh in Resources */ = {isa = PBXBuildFile; fileRef = B429BEDE191652DD00DA2D3C /* TextureShader.vsh */; };
		B429BEE1191652EA00DA2D3C /* TextureShader.fsh in Resources */ = {isa = PBXBuildFile; fileRef = B429BEE0191652EA00DA2D3C /* TextureShader.fsh */; };
		B429BEE419165D3100DA2D3C /* TexturePositionInitializer.cpp in Sources */ = {isa = PBXBuildFile; fileRef = B429BEE219165D3100DA2D3C /* TexturePositionInitializer.cpp */; };
		B42E7F7418CE1D8E0048515C /* RotateByQuaternionAnimation.cpp in Sources */ = {isa = PBXBuildFile; fileRef = B42E7F7218CE1D8E0048515C /* RotateByQuaternionAnimation.cpp */; };
		B42E7F7818D5C2E80048515C /* DrawingController.cpp in Sources */ = {isa = PBXBuildFile; fileRef = B42E7F7618D5C2E80048515C /* DrawingController.cpp */; };
		B42E7F7C18D5C5320048515C /* GameDrawingController.cpp in Sources */ = {isa = PBXBuildFile; fileRef = B42E7F7A18D5C5320048515C /* GameDrawingController.cpp */; };
		B42E7F7F18D5CD470048515C /* Touch.cpp in Sources */ = {isa = PBXBuildFile; fileRef = B42E7F7D18D5CD470048515C /* Touch.cpp */; };
		B443600B190CF5520094661D /* ScaleModelviewModifier.cpp in Sources */ = {isa = PBXBuildFile; fileRef = B4436009190CF5520094661D /* ScaleModelviewModifier.cpp */; };
		B455F7291932233400DD17EE /* globe.png in Resources */ = {isa = PBXBuildFile; fileRef = B455F7281932233400DD17EE /* globe.png */; };
		B455F72B1932257500DD17EE /* cube_map_top.png in Resources */ = {isa = PBXBuildFile; fileRef = B455F72A1932257500DD17EE /* cube_map_top.png */; };
		B457A15817F6D486004EF4E0 /* Buffer.cpp in Sources */ = {isa = PBXBuildFile; fileRef = B457A15617F6D486004EF4E0 /* Buffer.cpp */; };
		B468F70118999CE300AAE773 /* ColorRenderbufferRGBA4.cpp in Sources */ = {isa = PBXBuildFile; fileRef = B468F6FF18999CE300AAE773 /* ColorRenderbufferRGBA4.cpp */; };
		B468F70418999CF700AAE773 /* ColorRenderbufferRGB565.cpp in Sources */ = {isa = PBXBuildFile; fileRef = B468F70218999CF700AAE773 /* ColorRenderbufferRGB565.cpp */; };
		B468F70718999D1100AAE773 /* ColorRenderbufferRGB5_A1.cpp in Sources */ = {isa = PBXBuildFile; fileRef = B468F70518999D1100AAE773 /* ColorRenderbufferRGB5_A1.cpp */; };
		B468F70C18999EC900AAE773 /* DepthRenderbufferComponent16.cpp in Sources */ = {isa = PBXBuildFile; fileRef = B468F70A18999EC900AAE773 /* DepthRenderbufferComponent16.cpp */; };
		B468F70F18999ED400AAE773 /* StencilRenderbufferIndex8.cpp in Sources */ = {isa = PBXBuildFile; fileRef = B468F70D18999ED400AAE773 /* StencilRenderbufferIndex8.cpp */; };
		B468F7131899A06700AAE773 /* ColorRenderbufferMultisampleRGBA8.cpp in Sources */ = {isa = PBXBuildFile; fileRef = B468F7111899A06700AAE773 /* ColorRenderbufferMultisampleRGBA8.cpp */; };
		B468F7161899A09000AAE773 /* Depth24Stencil8MultisampleRenderbuffer.cpp in Sources */ = {isa = PBXBuildFile; fileRef = B468F7141899A09000AAE773 /* Depth24Stencil8MultisampleRenderbuffer.cpp */; };
		B468F71D1899B4E600AAE773 /* MultisampleFramebuffer.cpp in Sources */ = {isa = PBXBuildFile; fileRef = B468F71B1899B4E600AAE773 /* MultisampleFramebuffer.cpp */; };
		B469605317F75C25002BCF6C /* Color.cpp in Sources */ = {isa = PBXBuildFile; fileRef = B469605117F75C25002BCF6C /* Color.cpp */; };
		B469605717F76B5E002BCF6C /* Point.cpp in Sources */ = {isa = PBXBuildFile; fileRef = B469605517F76B5E002BCF6C /* Point.cpp */; };
		B469605A17F8526F002BCF6C /* ShaderValue.cpp in Sources */ = {isa = PBXBuildFile; fileRef = B469605817F8526F002BCF6C /* ShaderValue.cpp */; };
		B469605D17F858BF002BCF6C /* Vertex.cpp in Sources */ = {isa = PBXBuildFile; fileRef = B469605B17F858BF002BCF6C /* Vertex.cpp */; };
		B46CAC90191CB30300B7BA86 /* Texture2D.cpp in Sources */ = {isa = PBXBuildFile; fileRef = B46CAC8E191CB30300B7BA86 /* Texture2D.cpp */; };
		B46CAC93191CB30B00B7BA86 /* TextureCubeMap.cpp in Sources */ = {isa = PBXBuildFile; fileRef = B46CAC91191CB30B00B7BA86 /* TextureCubeMap.cpp */; };
		B46CAC99191F79AB00B7BA86 /* ParametricSurface.cpp in Sources */ = {isa = PBXBuildFile; fileRef = B46CAC97191F79AB00B7BA86 /* ParametricSurface.cpp */; };
		B46CAC9C191F9F8E00B7BA86 /* SphereSurface.cpp in Sources */ = {isa = PBXBuildFile; fileRef = B46CAC9A191F9F8E00B7BA86 /* SphereSurface.cpp */; };
		B46CAC9F191FAD8100B7BA86 /* GlassSphereDrawing.cpp in Sources */ = {isa = PBXBuildFile; fileRef = B46CAC9D191FAD8100B7BA86 /* GlassSphereDrawing.cpp */; };
		B46FCD0118B6D902004E6221 /* SegmentDrawing.cpp in Sources */ = {isa = PBXBuildFile; fileRef = B46FCCFF18B6D902004E6221 /* SegmentDrawing.cpp */; };
		B47177DC188BEA75006B6215 /* ProgramContainer.cpp in Sources */ = {isa = PBXBuildFile; fileRef = B47177DA188BEA75006B6215 /* ProgramContainer.cpp */; };
		B479B0DA19324266006B1CF6 /* CubeMapCamera.cpp in Sources */ = {isa = PBXBuildFile; fileRef = B479B0D819324266006B1CF6 /* CubeMapCamera.cpp */; };
		B47D229A18BA424F006A0386 /* TextureDrawing.cpp in Sources */ = {isa = PBXBuildFile; fileRef = B47D229818BA424F006A0386 /* TextureDrawing.cpp */; };
		B47D229E18BA43DF006A0386 /* Texture.cpp in Sources */ = {isa = PBXBuildFile; fileRef = B47D229C18BA43DF006A0386 /* Texture.cpp */; };
		B4908BB51997AA0000DD3D4B /* NormalTextureShader.vsh in Resources */ = {isa = PBXBuildFile; fileRef = B4908BB41997AA0000DD3D4B /* NormalTextureShader.vsh */; };
		B4908BB71997AA0B00DD3D4B /* NormalTextureShader.fsh in Resources */ = {isa = PBXBuildFile; fileRef = B4908BB61997AA0B00DD3D4B /* NormalTextureShader.fsh */; };
		B49BC2601923D556000C909B /* Camera.cpp in Sources */ = {isa = PBXBuildFile; fileRef = B49BC25E1923D556000C909B /* Camera.cpp */; };
		B4A1690B18C1FCEA0097F2D1 /* Animation.cpp in Sources */ = {isa = PBXBuildFile; fileRef = B4A1690918C1FCEA0097F2D1 /* Animation.cpp */; };
		B4AC5D7E1896FB8B00FBE8D8 /* Renderbuffer.cpp in Sources */ = {isa = PBXBuildFile; fileRef = B4AC5D7C1896FB8B00FBE8D8 /* Renderbuffer.cpp */; };
		B4AC5D811896FB9500FBE8D8 /* Framebuffer.cpp in Sources */ = {isa = PBXBuildFile; fileRef = B4AC5D7F1896FB9500FBE8D8 /* Framebuffer.cpp */; };
		B4B095F118CCEC430045789A /* MoveToAnimation.cpp in Sources */ = {isa = PBXBuildFile; fileRef = B4B095EF18CCEC430045789A /* MoveToAnimation.cpp */; };
		B4BB5D861943663300485F34 /* PositionNormalInitializer.cpp in Sources */ = {isa = PBXBuildFile; fileRef = B4BB5D851943663300485F34 /* PositionNormalInitializer.cpp */; };
		B4BB5D8919436A9600485F34 /* CubeMapUniformInitializer.cpp in Sources */ = {isa = PBXBuildFile; fileRef = B4BB5D8819436A9600485F34 /* CubeMapUniformInitializer.cpp */; };
		B4CE1DE417DFB72C009094E8 /* Program.cpp in Sources */ = {isa = PBXBuildFile; fileRef = B4CE1DE217DFB72C009094E8 /* Program.cpp */; };
		B4CE1DE717DFBBD9009094E8 /* Shader.cpp in Sources */ = {isa = PBXBuildFile; fileRef = B4CE1DE517DFBBD9009094E8 /* Shader.cpp */; };
		B4CE1DEA17DFCCEA009094E8 /* Logger.cpp in Sources */ = {isa = PBXBuildFile; fileRef = B4CE1DE817DFCCE9009094E8 /* Logger.cpp */; };
		B4CE1DF017DFD906009094E8 /* ResourceManager.mm in Sources */ = {isa = PBXBuildFile; fileRef = B4CE1DEF17DFD906009094E8 /* ResourceManager.mm */; };
		B4D1B84F18AEBBA9004FD4B2 /* CollisionDetector.cpp in Sources */ = {isa = PBXBuildFile; fileRef = B4D1B84D18AEBBA9004FD4B2 /* CollisionDetector.cpp */; };
		B4D1B85218AEC120004FD4B2 /* Polyhedron.cpp in Sources */ = {isa = PBXBuildFile; fileRef = B4D1B85018AEC120004FD4B2 /* Polyhedron.cpp */; };
		B4D253771943490700A86E4B /* GlassShader.vsh in Resources */ = {isa = PBXBuildFile; fileRef = B4D253761943490700A86E4B /* GlassShader.vsh */; };
		B4D253791943491200A86E4B /* GlassShader.fsh in Resources */ = {isa = PBXBuildFile; fileRef = B4D253781943491200A86E4B /* GlassShader.fsh */; };
		B4D64F7E187F3D3D005E78AC /* PositionColorShader.vsh in Resources */ = {isa = PBXBuildFile; fileRef = B4D64F76187F3867005E78AC /* PositionColorShader.vsh */; };
		B4D64F7F187F3D3E005E78AC /* PositionColorShader.fsh in Resources */ = {isa = PBXBuildFile; fileRef = B4D64F78187F3877005E78AC /* PositionColorShader.fsh */; };
		B4D64F80187F3D3E005E78AC /* PerspectiveShader.vsh in Resources */ = {isa = PBXBuildFile; fileRef = B4D64F7A187F3884005E78AC /* PerspectiveShader.vsh */; };
		B4D64F81187F3D3E005E78AC /* PerspectiveShader.fsh in Resources */ = {isa = PBXBuildFile; fileRef = B4D64F7C187F3891005E78AC /* PerspectiveShader.fsh */; };
		B4D64F84188179A6005E78AC /* PositionColorInitializer.cpp in Sources */ = {isa = PBXBuildFile; fileRef = B4D64F82188179A5005E78AC /* PositionColorInitializer.cpp */; };
		B4D64F87188179F6005E78AC /* AttributeInitializer.cpp in Sources */ = {isa = PBXBuildFile; fileRef = B4D64F85188179F6005E78AC /* AttributeInitializer.cpp */; };
		B4D64F8A18817A02005E78AC /* UniformInitializer.cpp in Sources */ = {isa = PBXBuildFile; fileRef = B4D64F8818817A02005E78AC /* UniformInitializer.cpp */; };
		B4D64F8F18817BCC005E78AC /* ProjectionModelviewInitializer.cpp in Sources */ = {isa = PBXBuildFile; fileRef = B4D64F8D18817BCC005E78AC /* ProjectionModelviewInitializer.cpp */; };
		B4DB8F9B185343B800FD292D /* DrawRequest.cpp in Sources */ = {isa = PBXBuildFile; fileRef = B4DB8F99185343B800FD292D /* DrawRequest.cpp */; };
		B4DBE42A18D5E4E3004CB98F /* TouchesHandler.cpp in Sources */ = {isa = PBXBuildFile; fileRef = B4DBE42818D5E4E3004CB98F /* TouchesHandler.cpp */; };
		B4DBE42D18D8C13B004CB98F /* Projection.cpp in Sources */ = {isa = PBXBuildFile; fileRef = B4DBE42B18D8C13B004CB98F /* Projection.cpp */; };
		B4E069D71891C11300F2E995 /* DrawingComposite.cpp in Sources */ = {isa = PBXBuildFile; fileRef = B4E069D51891C11300F2E995 /* DrawingComposite.cpp */; };
		B4E069DA1891E06200F2E995 /* ColorGlassDrawing.cpp in Sources */ = {isa = PBXBuildFile; fileRef = B4E069D81891E06200F2E995 /* ColorGlassDrawing.cpp */; };
		B4E0971417DB671400F4A436 /* UIKit.framework in Frameworks */ = {isa = PBXBuildFile; fileRef = B4E0971317DB671400F4A436 /* UIKit.framework */; };
		B4E0971617DB671400F4A436 /* Foundation.framework in Frameworks */ = {isa = PBXBuildFile; fileRef = B4E0971517DB671400F4A436 /* Foundation.framework */; };
		B4E0971817DB671400F4A436 /* CoreGraphics.framework in Frameworks */ = {isa = PBXBuildFile; fileRef = B4E0971717DB671400F4A436 /* CoreGraphics.framework */; };
		B4E0971E17DB671400F4A436 /* InfoPlist.strings in Resources */ = {isa = PBXBuildFile; fileRef = B4E0971C17DB671400F4A436 /* InfoPlist.strings */; };
		B4E0972017DB671400F4A436 /* main.m in Sources */ = {isa = PBXBuildFile; fileRef = B4E0971F17DB671400F4A436 /* main.m */; };
		B4E0972417DB671400F4A436 /* MGAppDelegate.m in Sources */ = {isa = PBXBuildFile; fileRef = B4E0972317DB671400F4A436 /* MGAppDelegate.m */; };
		B4E0972617DB671400F4A436 /* Default.png in Resources */ = {isa = PBXBuildFile; fileRef = B4E0972517DB671400F4A436 /* Default.png */; };
		B4E0972817DB671400F4A436 /* Default@2x.png in Resources */ = {isa = PBXBuildFile; fileRef = B4E0972717DB671400F4A436 /* Default@2x.png */; };
		B4E0972A17DB671400F4A436 /* Default-568h@2x.png in Resources */ = {isa = PBXBuildFile; fileRef = B4E0972917DB671400F4A436 /* Default-568h@2x.png */; };
		B4E0974417DB75DD00F4A436 /* MGOpenGLView.mm in Sources */ = {isa = PBXBuildFile; fileRef = B4E0974117DB75DD00F4A436 /* MGOpenGLView.mm */; };
		B4E0974517DB75DD00F4A436 /* MGOpenGLViewController.m in Sources */ = {isa = PBXBuildFile; fileRef = B4E0974317DB75DD00F4A436 /* MGOpenGLViewController.m */; };
		B4E0974717DB75ED00F4A436 /* QuartzCore.framework in Frameworks */ = {isa = PBXBuildFile; fileRef = B4E0974617DB75ED00F4A436 /* QuartzCore.framework */; };
		B4E0974917DB75F400F4A436 /* OpenGLES.framework in Frameworks */ = {isa = PBXBuildFile; fileRef = B4E0974817DB75F400F4A436 /* OpenGLES.framework */; };
		B4ECF825189D2282007E2669 /* RenderingEngine.cpp in Sources */ = {isa = PBXBuildFile; fileRef = B4ECF823189D2282007E2669 /* RenderingEngine.cpp */; };
		B4ECF828189D2ACC007E2669 /* Size.cpp in Sources */ = {isa = PBXBuildFile; fileRef = B4ECF826189D2ACC007E2669 /* Size.cpp */; };
		B4ECF82E189E7132007E2669 /* Rect.cpp in Sources */ = {isa = PBXBuildFile; fileRef = B4ECF82C189E7132007E2669 /* Rect.cpp */; };
		B4ECF83118A4CE9B007E2669 /* Interpolator.cpp in Sources */ = {isa = PBXBuildFile; fileRef = B4ECF82F18A4CE9B007E2669 /* Interpolator.cpp */; };
		B4ECF83718AC04A8007E2669 /* DrawingComponent.cpp in Sources */ = {isa = PBXBuildFile; fileRef = B4ECF83618AC04A8007E2669 /* DrawingComponent.cpp */; };
		B4EF847A186AE06E00234C28 /* Vector.cpp in Sources */ = {isa = PBXBuildFile; fileRef = B4EF8478186AE06E00234C28 /* Vector.cpp */; };
		B4EF847D186AE07900234C28 /* Matrix.cpp in Sources */ = {isa = PBXBuildFile; fileRef = B4EF847B186AE07900234C28 /* Matrix.cpp */; };
		B4EF8480186AE08300234C28 /* Quaternion.cpp in Sources */ = {isa = PBXBuildFile; fileRef = B4EF847E186AE08300234C28 /* Quaternion.cpp */; };
		B4EF8494187863D900234C28 /* VertexArray.cpp in Sources */ = {isa = PBXBuildFile; fileRef = B4EF8492187863D900234C28 /* VertexArray.cpp */; };
/* End PBXBuildFile section */

/* Begin PBXFileReference section */
		B403F3BB17EE0D5700A2A4E8 /* Attribute.cpp */ = {isa = PBXFileReference; fileEncoding = 4; lastKnownFileType = sourcecode.cpp.cpp; path = Attribute.cpp; sourceTree = "<group>"; };
		B403F3BC17EE0D5700A2A4E8 /* Attribute.h */ = {isa = PBXFileReference; fileEncoding = 4; lastKnownFileType = sourcecode.c.h; path = Attribute.h; sourceTree = "<group>"; };
		B403F3BE17F0FE0400A2A4E8 /* Uniform.cpp */ = {isa = PBXFileReference; fileEncoding = 4; lastKnownFileType = sourcecode.cpp.cpp; path = Uniform.cpp; sourceTree = "<group>"; };
		B403F3BF17F0FE0400A2A4E8 /* Uniform.h */ = {isa = PBXFileReference; fileEncoding = 4; lastKnownFileType = sourcecode.c.h; path = Uniform.h; sourceTree = "<group>"; };
		B403FD64191ABD9600C29740 /* RoomDrawing.cpp */ = {isa = PBXFileReference; fileEncoding = 4; lastKnownFileType = sourcecode.cpp.cpp; path = RoomDrawing.cpp; sourceTree = "<group>"; };
		B403FD65191ABD9600C29740 /* RoomDrawing.h */ = {isa = PBXFileReference; fileEncoding = 4; lastKnownFileType = sourcecode.c.h; path = RoomDrawing.h; sourceTree = "<group>"; };
		B408BB7317F6DD2A00CC6900 /* VertexBuffer.cpp */ = {isa = PBXFileReference; fileEncoding = 4; lastKnownFileType = sourcecode.cpp.cpp; path = VertexBuffer.cpp; sourceTree = "<group>"; };
		B408BB7417F6DD2A00CC6900 /* VertexBuffer.h */ = {isa = PBXFileReference; fileEncoding = 4; lastKnownFileType = sourcecode.c.h; path = VertexBuffer.h; sourceTree = "<group>"; };
		B408BB7617F6DD3C00CC6900 /* IndexBuffer.cpp */ = {isa = PBXFileReference; fileEncoding = 4; lastKnownFileType = sourcecode.cpp.cpp; path = IndexBuffer.cpp; sourceTree = "<group>"; };
		B408BB7717F6DD3C00CC6900 /* IndexBuffer.h */ = {isa = PBXFileReference; fileEncoding = 4; lastKnownFileType = sourcecode.c.h; path = IndexBuffer.h; sourceTree = "<group>"; };
		B41CAA2318AC0C76001E1B1A /* DrawingLeaf.cpp */ = {isa = PBXFileReference; fileEncoding = 4; lastKnownFileType = sourcecode.cpp.cpp; path = DrawingLeaf.cpp; sourceTree = "<group>"; };
		B41CAA2418AC0C76001E1B1A /* DrawingLeaf.h */ = {isa = PBXFileReference; fileEncoding = 4; lastKnownFileType = sourcecode.c.h; path = DrawingLeaf.h; sourceTree = "<group>"; };
		B41CAA2A18AC1ABA001E1B1A /* Plane.cpp */ = {isa = PBXFileReference; fileEncoding = 4; lastKnownFileType = sourcecode.cpp.cpp; path = Plane.cpp; sourceTree = "<group>"; };
		B41CAA2B18AC1ABA001E1B1A /* Plane.h */ = {isa = PBXFileReference; fileEncoding = 4; lastKnownFileType = sourcecode.c.h; path = Plane.h; sourceTree = "<group>"; };
		B41D18231930E7D400ABC580 /* BufferCamera.cpp */ = {isa = PBXFileReference; fileEncoding = 4; lastKnownFileType = sourcecode.cpp.cpp; path = BufferCamera.cpp; sourceTree = "<group>"; };
		B41D18241930E7D400ABC580 /* BufferCamera.h */ = {isa = PBXFileReference; fileEncoding = 4; lastKnownFileType = sourcecode.c.h; path = BufferCamera.h; sourceTree = "<group>"; };
		B41D18261930E90C00ABC580 /* TextureCamera.cpp */ = {isa = PBXFileReference; fileEncoding = 4; lastKnownFileType = sourcecode.cpp.cpp; path = TextureCamera.cpp; sourceTree = "<group>"; };
		B41D18271930E90C00ABC580 /* TextureCamera.h */ = {isa = PBXFileReference; fileEncoding = 4; lastKnownFileType = sourcecode.c.h; path = TextureCamera.h; sourceTree = "<group>"; };
		B422969418DEEE73004A3089 /* ModelviewModifier.h */ = {isa = PBXFileReference; fileEncoding = 4; lastKnownFileType = sourcecode.c.h; path = ModelviewModifier.h; sourceTree = "<group>"; };
		B42296AF18DEFC5E004A3089 /* ModelviewModifier.cpp */ = {isa = PBXFileReference; fileEncoding = 4; lastKnownFileType = sourcecode.cpp.cpp; path = ModelviewModifier.cpp; sourceTree = "<group>"; };
		B42296B118DF0159004A3089 /* PositionModelviewModifier.cpp */ = {isa = PBXFileReference; fileEncoding = 4; lastKnownFileType = sourcecode.cpp.cpp; path = PositionModelviewModifier.cpp; sourceTree = "<group>"; };
		B42296B218DF0159004A3089 /* PositionModelviewModifier.h */ = {isa = PBXFileReference; fileEncoding = 4; lastKnownFileType = sourcecode.c.h; path = PositionModelviewModifier.h; sourceTree = "<group>"; };
		B42296B418DF0167004A3089 /* QuaternionModelviewModifier.cpp */ = {isa = PBXFileReference; fileEncoding = 4; lastKnownFileType = sourcecode.cpp.cpp; path = QuaternionModelviewModifier.cpp; sourceTree = "<group>"; };
		B42296B518DF0167004A3089 /* QuaternionModelviewModifier.h */ = {isa = PBXFileReference; fileEncoding = 4; lastKnownFileType = sourcecode.c.h; path = QuaternionModelviewModifier.h; sourceTree = "<group>"; };
		B42296BA18E6DA99004A3089 /* FullscreenDrawing.cpp */ = {isa = PBXFileReference; fileEncoding = 4; lastKnownFileType = sourcecode.cpp.cpp; path = FullscreenDrawing.cpp; sourceTree = "<group>"; };
		B42296BB18E6DA99004A3089 /* FullscreenDrawing.h */ = {isa = PBXFileReference; fileEncoding = 4; lastKnownFileType = sourcecode.c.h; path = FullscreenDrawing.h; sourceTree = "<group>"; };
		B429BED919150B6800DA2D3C /* Ukraine.jpg */ = {isa = PBXFileReference; lastKnownFileType = image.jpeg; path = Ukraine.jpg; sourceTree = "<group>"; };
		B429BEDB19150ECD00DA2D3C /* TextureImage.cpp */ = {isa = PBXFileReference; fileEncoding = 4; lastKnownFileType = sourcecode.cpp.cpp; path = TextureImage.cpp; sourceTree = "<group>"; };
		B429BEDC19150ECD00DA2D3C /* TextureImage.h */ = {isa = PBXFileReference; fileEncoding = 4; lastKnownFileType = sourcecode.c.h; path = TextureImage.h; sourceTree = "<group>"; };
		B429BEDE191652DD00DA2D3C /* TextureShader.vsh */ = {isa = PBXFileReference; explicitFileType = sourcecode.glsl; fileEncoding = 4; path = TextureShader.vsh; sourceTree = "<group>"; };
		B429BEE0191652EA00DA2D3C /* TextureShader.fsh */ = {isa = PBXFileReference; explicitFileType = sourcecode.glsl; fileEncoding = 4; path = TextureShader.fsh; sourceTree = "<group>"; };
		B429BEE219165D3100DA2D3C /* TexturePositionInitializer.cpp */ = {isa = PBXFileReference; fileEncoding = 4; lastKnownFileType = sourcecode.cpp.cpp; path = TexturePositionInitializer.cpp; sourceTree = "<group>"; };
		B429BEE319165D3100DA2D3C /* TexturePositionInitializer.h */ = {isa = PBXFileReference; fileEncoding = 4; lastKnownFileType = sourcecode.c.h; path = TexturePositionInitializer.h; sourceTree = "<group>"; };
		B42E7F7218CE1D8E0048515C /* RotateByQuaternionAnimation.cpp */ = {isa = PBXFileReference; fileEncoding = 4; lastKnownFileType = sourcecode.cpp.cpp; path = RotateByQuaternionAnimation.cpp; sourceTree = "<group>"; };
		B42E7F7318CE1D8E0048515C /* RotateByQuaternionAnimation.h */ = {isa = PBXFileReference; fileEncoding = 4; lastKnownFileType = sourcecode.c.h; path = RotateByQuaternionAnimation.h; sourceTree = "<group>"; };
		B42E7F7618D5C2E80048515C /* DrawingController.cpp */ = {isa = PBXFileReference; fileEncoding = 4; lastKnownFileType = sourcecode.cpp.cpp; path = DrawingController.cpp; sourceTree = "<group>"; };
		B42E7F7718D5C2E80048515C /* DrawingController.h */ = {isa = PBXFileReference; fileEncoding = 4; lastKnownFileType = sourcecode.c.h; path = DrawingController.h; sourceTree = "<group>"; };
		B42E7F7A18D5C5320048515C /* GameDrawingController.cpp */ = {isa = PBXFileReference; fileEncoding = 4; lastKnownFileType = sourcecode.cpp.cpp; path = GameDrawingController.cpp; sourceTree = "<group>"; };
		B42E7F7B18D5C5320048515C /* GameDrawingController.h */ = {isa = PBXFileReference; fileEncoding = 4; lastKnownFileType = sourcecode.c.h; path = GameDrawingController.h; sourceTree = "<group>"; };
		B42E7F7D18D5CD470048515C /* Touch.cpp */ = {isa = PBXFileReference; fileEncoding = 4; lastKnownFileType = sourcecode.cpp.cpp; path = Touch.cpp; sourceTree = "<group>"; };
		B42E7F7E18D5CD470048515C /* Touch.h */ = {isa = PBXFileReference; fileEncoding = 4; lastKnownFileType = sourcecode.c.h; path = Touch.h; sourceTree = "<group>"; };
		B4436009190CF5520094661D /* ScaleModelviewModifier.cpp */ = {isa = PBXFileReference; fileEncoding = 4; lastKnownFileType = sourcecode.cpp.cpp; path = ScaleModelviewModifier.cpp; sourceTree = "<group>"; };
		B443600A190CF5520094661D /* ScaleModelviewModifier.h */ = {isa = PBXFileReference; fileEncoding = 4; lastKnownFileType = sourcecode.c.h; path = ScaleModelviewModifier.h; sourceTree = "<group>"; };
		B455F7281932233400DD17EE /* globe.png */ = {isa = PBXFileReference; lastKnownFileType = image.png; path = globe.png; sourceTree = "<group>"; };
		B455F72A1932257500DD17EE /* cube_map_top.png */ = {isa = PBXFileReference; lastKnownFileType = image.png; path = cube_map_top.png; sourceTree = "<group>"; };
		B457A15617F6D486004EF4E0 /* Buffer.cpp */ = {isa = PBXFileReference; fileEncoding = 4; lastKnownFileType = sourcecode.cpp.cpp; path = Buffer.cpp; sourceTree = "<group>"; };
		B457A15717F6D486004EF4E0 /* Buffer.h */ = {isa = PBXFileReference; fileEncoding = 4; lastKnownFileType = sourcecode.c.h; path = Buffer.h; sourceTree = "<group>"; };
		B468F6FF18999CE300AAE773 /* ColorRenderbufferRGBA4.cpp */ = {isa = PBXFileReference; fileEncoding = 4; lastKnownFileType = sourcecode.cpp.cpp; path = ColorRenderbufferRGBA4.cpp; sourceTree = "<group>"; };
		B468F70018999CE300AAE773 /* ColorRenderbufferRGBA4.h */ = {isa = PBXFileReference; fileEncoding = 4; lastKnownFileType = sourcecode.c.h; path = ColorRenderbufferRGBA4.h; sourceTree = "<group>"; };
		B468F70218999CF700AAE773 /* ColorRenderbufferRGB565.cpp */ = {isa = PBXFileReference; fileEncoding = 4; lastKnownFileType = sourcecode.cpp.cpp; path = ColorRenderbufferRGB565.cpp; sourceTree = "<group>"; };
		B468F70318999CF700AAE773 /* ColorRenderbufferRGB565.h */ = {isa = PBXFileReference; fileEncoding = 4; lastKnownFileType = sourcecode.c.h; path = ColorRenderbufferRGB565.h; sourceTree = "<group>"; };
		B468F70518999D1100AAE773 /* ColorRenderbufferRGB5_A1.cpp */ = {isa = PBXFileReference; fileEncoding = 4; lastKnownFileType = sourcecode.cpp.cpp; path = ColorRenderbufferRGB5_A1.cpp; sourceTree = "<group>"; };
		B468F70618999D1100AAE773 /* ColorRenderbufferRGB5_A1.h */ = {isa = PBXFileReference; fileEncoding = 4; lastKnownFileType = sourcecode.c.h; path = ColorRenderbufferRGB5_A1.h; sourceTree = "<group>"; };
		B468F70A18999EC900AAE773 /* DepthRenderbufferComponent16.cpp */ = {isa = PBXFileReference; fileEncoding = 4; lastKnownFileType = sourcecode.cpp.cpp; path = DepthRenderbufferComponent16.cpp; sourceTree = "<group>"; };
		B468F70B18999EC900AAE773 /* DepthRenderbufferComponent16.h */ = {isa = PBXFileReference; fileEncoding = 4; lastKnownFileType = sourcecode.c.h; path = DepthRenderbufferComponent16.h; sourceTree = "<group>"; };
		B468F70D18999ED400AAE773 /* StencilRenderbufferIndex8.cpp */ = {isa = PBXFileReference; fileEncoding = 4; lastKnownFileType = sourcecode.cpp.cpp; path = StencilRenderbufferIndex8.cpp; sourceTree = "<group>"; };
		B468F70E18999ED400AAE773 /* StencilRenderbufferIndex8.h */ = {isa = PBXFileReference; fileEncoding = 4; lastKnownFileType = sourcecode.c.h; path = StencilRenderbufferIndex8.h; sourceTree = "<group>"; };
		B468F7111899A06700AAE773 /* ColorRenderbufferMultisampleRGBA8.cpp */ = {isa = PBXFileReference; fileEncoding = 4; lastKnownFileType = sourcecode.cpp.cpp; path = ColorRenderbufferMultisampleRGBA8.cpp; sourceTree = "<group>"; };
		B468F7121899A06700AAE773 /* ColorRenderbufferMultisampleRGBA8.h */ = {isa = PBXFileReference; fileEncoding = 4; lastKnownFileType = sourcecode.c.h; path = ColorRenderbufferMultisampleRGBA8.h; sourceTree = "<group>"; };
		B468F7141899A09000AAE773 /* Depth24Stencil8MultisampleRenderbuffer.cpp */ = {isa = PBXFileReference; fileEncoding = 4; lastKnownFileType = sourcecode.cpp.cpp; path = Depth24Stencil8MultisampleRenderbuffer.cpp; sourceTree = "<group>"; };
		B468F7151899A09000AAE773 /* Depth24Stencil8MultisampleRenderbuffer.h */ = {isa = PBXFileReference; fileEncoding = 4; lastKnownFileType = sourcecode.c.h; path = Depth24Stencil8MultisampleRenderbuffer.h; sourceTree = "<group>"; };
		B468F71B1899B4E600AAE773 /* MultisampleFramebuffer.cpp */ = {isa = PBXFileReference; fileEncoding = 4; lastKnownFileType = sourcecode.cpp.cpp; path = MultisampleFramebuffer.cpp; sourceTree = "<group>"; };
		B468F71C1899B4E600AAE773 /* MultisampleFramebuffer.h */ = {isa = PBXFileReference; fileEncoding = 4; lastKnownFileType = sourcecode.c.h; path = MultisampleFramebuffer.h; sourceTree = "<group>"; };
		B469605117F75C25002BCF6C /* Color.cpp */ = {isa = PBXFileReference; fileEncoding = 4; lastKnownFileType = sourcecode.cpp.cpp; path = Color.cpp; sourceTree = "<group>"; };
		B469605217F75C25002BCF6C /* Color.h */ = {isa = PBXFileReference; fileEncoding = 4; lastKnownFileType = sourcecode.c.h; path = Color.h; sourceTree = "<group>"; };
		B469605517F76B5E002BCF6C /* Point.cpp */ = {isa = PBXFileReference; fileEncoding = 4; lastKnownFileType = sourcecode.cpp.cpp; path = Point.cpp; sourceTree = "<group>"; };
		B469605617F76B5E002BCF6C /* Point.h */ = {isa = PBXFileReference; fileEncoding = 4; lastKnownFileType = sourcecode.c.h; path = Point.h; sourceTree = "<group>"; };
		B469605817F8526F002BCF6C /* ShaderValue.cpp */ = {isa = PBXFileReference; fileEncoding = 4; lastKnownFileType = sourcecode.cpp.cpp; path = ShaderValue.cpp; sourceTree = "<group>"; };
		B469605917F8526F002BCF6C /* ShaderValue.h */ = {isa = PBXFileReference; fileEncoding = 4; lastKnownFileType = sourcecode.c.h; path = ShaderValue.h; sourceTree = "<group>"; };
		B469605B17F858BF002BCF6C /* Vertex.cpp */ = {isa = PBXFileReference; fileEncoding = 4; lastKnownFileType = sourcecode.cpp.cpp; path = Vertex.cpp; sourceTree = "<group>"; };
		B469605C17F858BF002BCF6C /* Vertex.h */ = {isa = PBXFileReference; fileEncoding = 4; lastKnownFileType = sourcecode.c.h; path = Vertex.h; sourceTree = "<group>"; };
		B46CAC8D191CAF5A00B7BA86 /* Enums.h */ = {isa = PBXFileReference; lastKnownFileType = sourcecode.c.h; path = Enums.h; sourceTree = "<group>"; };
		B46CAC8E191CB30300B7BA86 /* Texture2D.cpp */ = {isa = PBXFileReference; fileEncoding = 4; lastKnownFileType = sourcecode.cpp.cpp; path = Texture2D.cpp; sourceTree = "<group>"; };
		B46CAC8F191CB30300B7BA86 /* Texture2D.h */ = {isa = PBXFileReference; fileEncoding = 4; lastKnownFileType = sourcecode.c.h; path = Texture2D.h; sourceTree = "<group>"; };
		B46CAC91191CB30B00B7BA86 /* TextureCubeMap.cpp */ = {isa = PBXFileReference; fileEncoding = 4; lastKnownFileType = sourcecode.cpp.cpp; path = TextureCubeMap.cpp; sourceTree = "<group>"; };
		B46CAC92191CB30B00B7BA86 /* TextureCubeMap.h */ = {isa = PBXFileReference; fileEncoding = 4; lastKnownFileType = sourcecode.c.h; path = TextureCubeMap.h; sourceTree = "<group>"; };
		B46CAC96191E27E100B7BA86 /* Surface.h */ = {isa = PBXFileReference; lastKnownFileType = sourcecode.c.h; path = Surface.h; sourceTree = "<group>"; };
		B46CAC97191F79AB00B7BA86 /* ParametricSurface.cpp */ = {isa = PBXFileReference; fileEncoding = 4; lastKnownFileType = sourcecode.cpp.cpp; path = ParametricSurface.cpp; sourceTree = "<group>"; };
		B46CAC98191F79AB00B7BA86 /* ParametricSurface.h */ = {isa = PBXFileReference; fileEncoding = 4; lastKnownFileType = sourcecode.c.h; path = ParametricSurface.h; sourceTree = "<group>"; };
		B46CAC9A191F9F8E00B7BA86 /* SphereSurface.cpp */ = {isa = PBXFileReference; fileEncoding = 4; lastKnownFileType = sourcecode.cpp.cpp; path = SphereSurface.cpp; sourceTree = "<group>"; };
		B46CAC9B191F9F8E00B7BA86 /* SphereSurface.h */ = {isa = PBXFileReference; fileEncoding = 4; lastKnownFileType = sourcecode.c.h; path = SphereSurface.h; sourceTree = "<group>"; };
		B46CAC9D191FAD8100B7BA86 /* GlassSphereDrawing.cpp */ = {isa = PBXFileReference; fileEncoding = 4; lastKnownFileType = sourcecode.cpp.cpp; path = GlassSphereDrawing.cpp; sourceTree = "<group>"; };
		B46CAC9E191FAD8100B7BA86 /* GlassSphereDrawing.h */ = {isa = PBXFileReference; fileEncoding = 4; lastKnownFileType = sourcecode.c.h; path = GlassSphereDrawing.h; sourceTree = "<group>"; };
		B46FCCFF18B6D902004E6221 /* SegmentDrawing.cpp */ = {isa = PBXFileReference; fileEncoding = 4; lastKnownFileType = sourcecode.cpp.cpp; path = SegmentDrawing.cpp; sourceTree = "<group>"; };
		B46FCD0018B6D902004E6221 /* SegmentDrawing.h */ = {isa = PBXFileReference; fileEncoding = 4; lastKnownFileType = sourcecode.c.h; path = SegmentDrawing.h; sourceTree = "<group>"; };
		B47177DA188BEA75006B6215 /* ProgramContainer.cpp */ = {isa = PBXFileReference; fileEncoding = 4; lastKnownFileType = sourcecode.cpp.cpp; path = ProgramContainer.cpp; sourceTree = "<group>"; };
		B47177DB188BEA75006B6215 /* ProgramContainer.h */ = {isa = PBXFileReference; fileEncoding = 4; lastKnownFileType = sourcecode.c.h; path = ProgramContainer.h; sourceTree = "<group>"; };
		B479B0D819324266006B1CF6 /* CubeMapCamera.cpp */ = {isa = PBXFileReference; fileEncoding = 4; lastKnownFileType = sourcecode.cpp.cpp; path = CubeMapCamera.cpp; sourceTree = "<group>"; };
		B479B0D919324266006B1CF6 /* CubeMapCamera.h */ = {isa = PBXFileReference; fileEncoding = 4; lastKnownFileType = sourcecode.c.h; path = CubeMapCamera.h; sourceTree = "<group>"; };
		B47D229818BA424F006A0386 /* TextureDrawing.cpp */ = {isa = PBXFileReference; fileEncoding = 4; lastKnownFileType = sourcecode.cpp.cpp; path = TextureDrawing.cpp; sourceTree = "<group>"; };
		B47D229918BA424F006A0386 /* TextureDrawing.h */ = {isa = PBXFileReference; fileEncoding = 4; lastKnownFileType = sourcecode.c.h; path = TextureDrawing.h; sourceTree = "<group>"; };
		B47D229C18BA43DF006A0386 /* Texture.cpp */ = {isa = PBXFileReference; fileEncoding = 4; lastKnownFileType = sourcecode.cpp.cpp; path = Texture.cpp; sourceTree = "<group>"; };
		B47D229D18BA43DF006A0386 /* Texture.h */ = {isa = PBXFileReference; fileEncoding = 4; lastKnownFileType = sourcecode.c.h; path = Texture.h; sourceTree = "<group>"; };
		B49087D319C367FC00AFD29D /* CausticTextureShader.vsh */ = {isa = PBXFileReference; explicitFileType = sourcecode.glsl; fileEncoding = 4; path = CausticTextureShader.vsh; sourceTree = "<group>"; };
		B49087D519C3680700AFD29D /* CausticTextureShader.fsh */ = {isa = PBXFileReference; explicitFileType = sourcecode.glsl; fileEncoding = 4; path = CausticTextureShader.fsh; sourceTree = "<group>"; };
		B4908BB41997AA0000DD3D4B /* NormalTextureShader.vsh */ = {isa = PBXFileReference; explicitFileType = sourcecode.glsl; fileEncoding = 4; path = NormalTextureShader.vsh; sourceTree = "<group>"; };
		B4908BB61997AA0B00DD3D4B /* NormalTextureShader.fsh */ = {isa = PBXFileReference; explicitFileType = sourcecode.glsl; fileEncoding = 4; path = NormalTextureShader.fsh; sourceTree = "<group>"; };
		B4963F9518003B650037FC39 /* Constants.h */ = {isa = PBXFileReference; lastKnownFileType = sourcecode.c.h; path = Constants.h; sourceTree = "<group>"; };
		B49BC25E1923D556000C909B /* Camera.cpp */ = {isa = PBXFileReference; fileEncoding = 4; lastKnownFileType = sourcecode.cpp.cpp; path = Camera.cpp; sourceTree = "<group>"; };
		B49BC25F1923D556000C909B /* Camera.h */ = {isa = PBXFileReference; fileEncoding = 4; lastKnownFileType = sourcecode.c.h; path = Camera.h; sourceTree = "<group>"; };
		B4A1690918C1FCEA0097F2D1 /* Animation.cpp */ = {isa = PBXFileReference; fileEncoding = 4; lastKnownFileType = sourcecode.cpp.cpp; path = Animation.cpp; sourceTree = "<group>"; };
		B4A1690A18C1FCEA0097F2D1 /* Animation.h */ = {isa = PBXFileReference; fileEncoding = 4; lastKnownFileType = sourcecode.c.h; path = Animation.h; sourceTree = "<group>"; };
		B4AC5D7C1896FB8B00FBE8D8 /* Renderbuffer.cpp */ = {isa = PBXFileReference; fileEncoding = 4; lastKnownFileType = sourcecode.cpp.cpp; path = Renderbuffer.cpp; sourceTree = "<group>"; };
		B4AC5D7D1896FB8B00FBE8D8 /* Renderbuffer.h */ = {isa = PBXFileReference; fileEncoding = 4; lastKnownFileType = sourcecode.c.h; path = Renderbuffer.h; sourceTree = "<group>"; };
		B4AC5D7F1896FB9500FBE8D8 /* Framebuffer.cpp */ = {isa = PBXFileReference; fileEncoding = 4; lastKnownFileType = sourcecode.cpp.cpp; path = Framebuffer.cpp; sourceTree = "<group>"; };
		B4AC5D801896FB9500FBE8D8 /* Framebuffer.h */ = {isa = PBXFileReference; fileEncoding = 4; lastKnownFileType = sourcecode.c.h; path = Framebuffer.h; sourceTree = "<group>"; };
		B4B095EF18CCEC430045789A /* MoveToAnimation.cpp */ = {isa = PBXFileReference; fileEncoding = 4; lastKnownFileType = sourcecode.cpp.cpp; path = MoveToAnimation.cpp; sourceTree = "<group>"; };
		B4B095F018CCEC430045789A /* MoveToAnimation.h */ = {isa = PBXFileReference; fileEncoding = 4; lastKnownFileType = sourcecode.c.h; path = MoveToAnimation.h; sourceTree = "<group>"; };
		B4BB5D851943663300485F34 /* PositionNormalInitializer.cpp */ = {isa = PBXFileReference; fileEncoding = 4; lastKnownFileType = sourcecode.cpp.cpp; path = PositionNormalInitializer.cpp; sourceTree = "<group>"; };
		B4BB5D871943663B00485F34 /* PositionNormalInitializer.h */ = {isa = PBXFileReference; lastKnownFileType = sourcecode.c.h; path = PositionNormalInitializer.h; sourceTree = "<group>"; };
		B4BB5D8819436A9600485F34 /* CubeMapUniformInitializer.cpp */ = {isa = PBXFileReference; fileEncoding = 4; lastKnownFileType = sourcecode.cpp.cpp; path = CubeMapUniformInitializer.cpp; sourceTree = "<group>"; };
		B4BB5D8A19436AA500485F34 /* CubeMapUniformInitializer.h */ = {isa = PBXFileReference; lastKnownFileType = sourcecode.c.h; path = CubeMapUniformInitializer.h; sourceTree = "<group>"; };
		B4CE1DE217DFB72C009094E8 /* Program.cpp */ = {isa = PBXFileReference; fileEncoding = 4; lastKnownFileType = sourcecode.cpp.cpp; path = Program.cpp; sourceTree = "<group>"; };
		B4CE1DE317DFB72C009094E8 /* Program.h */ = {isa = PBXFileReference; fileEncoding = 4; lastKnownFileType = sourcecode.c.h; path = Program.h; sourceTree = "<group>"; };
		B4CE1DE517DFBBD9009094E8 /* Shader.cpp */ = {isa = PBXFileReference; fileEncoding = 4; lastKnownFileType = sourcecode.cpp.cpp; path = Shader.cpp; sourceTree = "<group>"; };
		B4CE1DE617DFBBD9009094E8 /* Shader.h */ = {isa = PBXFileReference; fileEncoding = 4; lastKnownFileType = sourcecode.c.h; path = Shader.h; sourceTree = "<group>"; };
		B4CE1DE817DFCCE9009094E8 /* Logger.cpp */ = {isa = PBXFileReference; fileEncoding = 4; lastKnownFileType = sourcecode.cpp.cpp; path = Logger.cpp; sourceTree = "<group>"; };
		B4CE1DE917DFCCE9009094E8 /* Logger.h */ = {isa = PBXFileReference; fileEncoding = 4; lastKnownFileType = sourcecode.c.h; path = Logger.h; sourceTree = "<group>"; };
		B4CE1DEE17DFD906009094E8 /* ResourceManager.h */ = {isa = PBXFileReference; fileEncoding = 4; lastKnownFileType = sourcecode.c.h; name = ResourceManager.h; path = MentalGame/ResourceManager.h; sourceTree = "<group>"; };
		B4CE1DEF17DFD906009094E8 /* ResourceManager.mm */ = {isa = PBXFileReference; fileEncoding = 4; lastKnownFileType = sourcecode.cpp.objcpp; name = ResourceManager.mm; path = MentalGame/ResourceManager.mm; sourceTree = "<group>"; };
		B4D1B84D18AEBBA9004FD4B2 /* CollisionDetector.cpp */ = {isa = PBXFileReference; fileEncoding = 4; lastKnownFileType = sourcecode.cpp.cpp; path = CollisionDetector.cpp; sourceTree = "<group>"; };
		B4D1B84E18AEBBA9004FD4B2 /* CollisionDetector.h */ = {isa = PBXFileReference; fileEncoding = 4; lastKnownFileType = sourcecode.c.h; path = CollisionDetector.h; sourceTree = "<group>"; };
		B4D1B85018AEC120004FD4B2 /* Polyhedron.cpp */ = {isa = PBXFileReference; fileEncoding = 4; lastKnownFileType = sourcecode.cpp.cpp; path = Polyhedron.cpp; sourceTree = "<group>"; };
		B4D1B85118AEC120004FD4B2 /* Polyhedron.h */ = {isa = PBXFileReference; fileEncoding = 4; lastKnownFileType = sourcecode.c.h; path = Polyhedron.h; sourceTree = "<group>"; };
		B4D253761943490700A86E4B /* GlassShader.vsh */ = {isa = PBXFileReference; explicitFileType = sourcecode.glsl; fileEncoding = 4; path = GlassShader.vsh; sourceTree = "<group>"; };
		B4D253781943491200A86E4B /* GlassShader.fsh */ = {isa = PBXFileReference; explicitFileType = sourcecode.glsl; fileEncoding = 4; path = GlassShader.fsh; sourceTree = "<group>"; };
		B4D64F76187F3867005E78AC /* PositionColorShader.vsh */ = {isa = PBXFileReference; explicitFileType = sourcecode.glsl; fileEncoding = 4; path = PositionColorShader.vsh; sourceTree = "<group>"; };
		B4D64F78187F3877005E78AC /* PositionColorShader.fsh */ = {isa = PBXFileReference; explicitFileType = sourcecode.glsl; fileEncoding = 4; path = PositionColorShader.fsh; sourceTree = "<group>"; };
		B4D64F7A187F3884005E78AC /* PerspectiveShader.vsh */ = {isa = PBXFileReference; explicitFileType = sourcecode.glsl; fileEncoding = 4; path = PerspectiveShader.vsh; sourceTree = "<group>"; };
		B4D64F7C187F3891005E78AC /* PerspectiveShader.fsh */ = {isa = PBXFileReference; explicitFileType = sourcecode.glsl; fileEncoding = 4; path = PerspectiveShader.fsh; sourceTree = "<group>"; };
		B4D64F82188179A5005E78AC /* PositionColorInitializer.cpp */ = {isa = PBXFileReference; fileEncoding = 4; lastKnownFileType = sourcecode.cpp.cpp; path = PositionColorInitializer.cpp; sourceTree = "<group>"; };
		B4D64F83188179A5005E78AC /* PositionColorInitializer.h */ = {isa = PBXFileReference; fileEncoding = 4; lastKnownFileType = sourcecode.c.h; path = PositionColorInitializer.h; sourceTree = "<group>"; };
		B4D64F85188179F6005E78AC /* AttributeInitializer.cpp */ = {isa = PBXFileReference; fileEncoding = 4; lastKnownFileType = sourcecode.cpp.cpp; path = AttributeInitializer.cpp; sourceTree = "<group>"; };
		B4D64F86188179F6005E78AC /* AttributeInitializer.h */ = {isa = PBXFileReference; fileEncoding = 4; lastKnownFileType = sourcecode.c.h; path = AttributeInitializer.h; sourceTree = "<group>"; };
		B4D64F8818817A02005E78AC /* UniformInitializer.cpp */ = {isa = PBXFileReference; fileEncoding = 4; lastKnownFileType = sourcecode.cpp.cpp; path = UniformInitializer.cpp; sourceTree = "<group>"; };
		B4D64F8918817A02005E78AC /* UniformInitializer.h */ = {isa = PBXFileReference; fileEncoding = 4; lastKnownFileType = sourcecode.c.h; path = UniformInitializer.h; sourceTree = "<group>"; };
		B4D64F8D18817BCC005E78AC /* ProjectionModelviewInitializer.cpp */ = {isa = PBXFileReference; fileEncoding = 4; lastKnownFileType = sourcecode.cpp.cpp; path = ProjectionModelviewInitializer.cpp; sourceTree = "<group>"; };
		B4D64F8E18817BCC005E78AC /* ProjectionModelviewInitializer.h */ = {isa = PBXFileReference; fileEncoding = 4; lastKnownFileType = sourcecode.c.h; path = ProjectionModelviewInitializer.h; sourceTree = "<group>"; };
		B4DB8F99185343B800FD292D /* DrawRequest.cpp */ = {isa = PBXFileReference; fileEncoding = 4; lastKnownFileType = sourcecode.cpp.cpp; path = DrawRequest.cpp; sourceTree = "<group>"; };
		B4DB8F9A185343B800FD292D /* DrawRequest.h */ = {isa = PBXFileReference; fileEncoding = 4; lastKnownFileType = sourcecode.c.h; path = DrawRequest.h; sourceTree = "<group>"; };
		B4DBE42818D5E4E3004CB98F /* TouchesHandler.cpp */ = {isa = PBXFileReference; fileEncoding = 4; lastKnownFileType = sourcecode.cpp.cpp; path = TouchesHandler.cpp; sourceTree = "<group>"; };
		B4DBE42918D5E4E3004CB98F /* TouchesHandler.h */ = {isa = PBXFileReference; fileEncoding = 4; lastKnownFileType = sourcecode.c.h; path = TouchesHandler.h; sourceTree = "<group>"; };
		B4DBE42B18D8C13B004CB98F /* Projection.cpp */ = {isa = PBXFileReference; fileEncoding = 4; lastKnownFileType = sourcecode.cpp.cpp; path = Projection.cpp; sourceTree = "<group>"; };
		B4DBE42C18D8C13B004CB98F /* Projection.h */ = {isa = PBXFileReference; fileEncoding = 4; lastKnownFileType = sourcecode.c.h; path = Projection.h; sourceTree = "<group>"; };
		B4E069D51891C11300F2E995 /* DrawingComposite.cpp */ = {isa = PBXFileReference; fileEncoding = 4; lastKnownFileType = sourcecode.cpp.cpp; path = DrawingComposite.cpp; sourceTree = "<group>"; };
		B4E069D61891C11300F2E995 /* DrawingComposite.h */ = {isa = PBXFileReference; fileEncoding = 4; lastKnownFileType = sourcecode.c.h; path = DrawingComposite.h; sourceTree = "<group>"; };
		B4E069D81891E06200F2E995 /* ColorGlassDrawing.cpp */ = {isa = PBXFileReference; fileEncoding = 4; lastKnownFileType = sourcecode.cpp.cpp; path = ColorGlassDrawing.cpp; sourceTree = "<group>"; };
		B4E069D91891E06200F2E995 /* ColorGlassDrawing.h */ = {isa = PBXFileReference; fileEncoding = 4; lastKnownFileType = sourcecode.c.h; path = ColorGlassDrawing.h; sourceTree = "<group>"; };
		B4E0971017DB671400F4A436 /* MentalGame.app */ = {isa = PBXFileReference; explicitFileType = wrapper.application; includeInIndex = 0; path = MentalGame.app; sourceTree = BUILT_PRODUCTS_DIR; };
		B4E0971317DB671400F4A436 /* UIKit.framework */ = {isa = PBXFileReference; lastKnownFileType = wrapper.framework; name = UIKit.framework; path = System/Library/Frameworks/UIKit.framework; sourceTree = SDKROOT; };
		B4E0971517DB671400F4A436 /* Foundation.framework */ = {isa = PBXFileReference; lastKnownFileType = wrapper.framework; name = Foundation.framework; path = System/Library/Frameworks/Foundation.framework; sourceTree = SDKROOT; };
		B4E0971717DB671400F4A436 /* CoreGraphics.framework */ = {isa = PBXFileReference; lastKnownFileType = wrapper.framework; name = CoreGraphics.framework; path = System/Library/Frameworks/CoreGraphics.framework; sourceTree = SDKROOT; };
		B4E0971B17DB671400F4A436 /* MentalGame-Info.plist */ = {isa = PBXFileReference; lastKnownFileType = text.plist.xml; path = "MentalGame-Info.plist"; sourceTree = "<group>"; };
		B4E0971D17DB671400F4A436 /* en */ = {isa = PBXFileReference; lastKnownFileType = text.plist.strings; name = en; path = en.lproj/InfoPlist.strings; sourceTree = "<group>"; };
		B4E0971F17DB671400F4A436 /* main.m */ = {isa = PBXFileReference; lastKnownFileType = sourcecode.c.objc; path = main.m; sourceTree = "<group>"; };
		B4E0972117DB671400F4A436 /* MentalGame-Prefix.pch */ = {isa = PBXFileReference; lastKnownFileType = sourcecode.c.h; path = "MentalGame-Prefix.pch"; sourceTree = "<group>"; };
		B4E0972217DB671400F4A436 /* MGAppDelegate.h */ = {isa = PBXFileReference; lastKnownFileType = sourcecode.c.h; path = MGAppDelegate.h; sourceTree = "<group>"; };
		B4E0972317DB671400F4A436 /* MGAppDelegate.m */ = {isa = PBXFileReference; lastKnownFileType = sourcecode.c.objc; path = MGAppDelegate.m; sourceTree = "<group>"; };
		B4E0972517DB671400F4A436 /* Default.png */ = {isa = PBXFileReference; lastKnownFileType = image.png; path = Default.png; sourceTree = "<group>"; };
		B4E0972717DB671400F4A436 /* Default@2x.png */ = {isa = PBXFileReference; lastKnownFileType = image.png; path = "Default@2x.png"; sourceTree = "<group>"; };
		B4E0972917DB671400F4A436 /* Default-568h@2x.png */ = {isa = PBXFileReference; lastKnownFileType = image.png; path = "Default-568h@2x.png"; sourceTree = "<group>"; };
		B4E0974017DB75DD00F4A436 /* MGOpenGLView.h */ = {isa = PBXFileReference; fileEncoding = 4; lastKnownFileType = sourcecode.c.h; path = MGOpenGLView.h; sourceTree = "<group>"; };
		B4E0974117DB75DD00F4A436 /* MGOpenGLView.mm */ = {isa = PBXFileReference; fileEncoding = 4; lastKnownFileType = sourcecode.cpp.objcpp; path = MGOpenGLView.mm; sourceTree = "<group>"; };
		B4E0974217DB75DD00F4A436 /* MGOpenGLViewController.h */ = {isa = PBXFileReference; fileEncoding = 4; lastKnownFileType = sourcecode.c.h; path = MGOpenGLViewController.h; sourceTree = "<group>"; };
		B4E0974317DB75DD00F4A436 /* MGOpenGLViewController.m */ = {isa = PBXFileReference; fileEncoding = 4; lastKnownFileType = sourcecode.c.objc; path = MGOpenGLViewController.m; sourceTree = "<group>"; };
		B4E0974617DB75ED00F4A436 /* QuartzCore.framework */ = {isa = PBXFileReference; lastKnownFileType = wrapper.framework; name = QuartzCore.framework; path = System/Library/Frameworks/QuartzCore.framework; sourceTree = SDKROOT; };
		B4E0974817DB75F400F4A436 /* OpenGLES.framework */ = {isa = PBXFileReference; lastKnownFileType = wrapper.framework; name = OpenGLES.framework; path = System/Library/Frameworks/OpenGLES.framework; sourceTree = SDKROOT; };
		B4ECF823189D2282007E2669 /* RenderingEngine.cpp */ = {isa = PBXFileReference; fileEncoding = 4; lastKnownFileType = sourcecode.cpp.cpp; path = RenderingEngine.cpp; sourceTree = "<group>"; };
		B4ECF824189D2282007E2669 /* RenderingEngine.h */ = {isa = PBXFileReference; fileEncoding = 4; lastKnownFileType = sourcecode.c.h; path = RenderingEngine.h; sourceTree = "<group>"; };
		B4ECF826189D2ACC007E2669 /* Size.cpp */ = {isa = PBXFileReference; fileEncoding = 4; lastKnownFileType = sourcecode.cpp.cpp; path = Size.cpp; sourceTree = "<group>"; };
		B4ECF827189D2ACC007E2669 /* Size.h */ = {isa = PBXFileReference; fileEncoding = 4; lastKnownFileType = sourcecode.c.h; path = Size.h; sourceTree = "<group>"; };
		B4ECF82C189E7132007E2669 /* Rect.cpp */ = {isa = PBXFileReference; fileEncoding = 4; lastKnownFileType = sourcecode.cpp.cpp; path = Rect.cpp; sourceTree = "<group>"; };
		B4ECF82D189E7132007E2669 /* Rect.h */ = {isa = PBXFileReference; fileEncoding = 4; lastKnownFileType = sourcecode.c.h; path = Rect.h; sourceTree = "<group>"; };
		B4ECF82F18A4CE9B007E2669 /* Interpolator.cpp */ = {isa = PBXFileReference; fileEncoding = 4; lastKnownFileType = sourcecode.cpp.cpp; path = Interpolator.cpp; sourceTree = "<group>"; };
		B4ECF83018A4CE9B007E2669 /* Interpolator.h */ = {isa = PBXFileReference; fileEncoding = 4; lastKnownFileType = sourcecode.c.h; path = Interpolator.h; sourceTree = "<group>"; };
		B4ECF83518A975B1007E2669 /* DrawingComponent.h */ = {isa = PBXFileReference; lastKnownFileType = sourcecode.c.h; path = DrawingComponent.h; sourceTree = "<group>"; };
		B4ECF83618AC04A8007E2669 /* DrawingComponent.cpp */ = {isa = PBXFileReference; fileEncoding = 4; lastKnownFileType = sourcecode.cpp.cpp; path = DrawingComponent.cpp; sourceTree = "<group>"; };
		B4EF8478186AE06E00234C28 /* Vector.cpp */ = {isa = PBXFileReference; fileEncoding = 4; lastKnownFileType = sourcecode.cpp.cpp; path = Vector.cpp; sourceTree = "<group>"; };
		B4EF8479186AE06E00234C28 /* Vector.h */ = {isa = PBXFileReference; fileEncoding = 4; lastKnownFileType = sourcecode.c.h; path = Vector.h; sourceTree = "<group>"; };
		B4EF847B186AE07900234C28 /* Matrix.cpp */ = {isa = PBXFileReference; fileEncoding = 4; lastKnownFileType = sourcecode.cpp.cpp; path = Matrix.cpp; sourceTree = "<group>"; };
		B4EF847C186AE07900234C28 /* Matrix.h */ = {isa = PBXFileReference; fileEncoding = 4; lastKnownFileType = sourcecode.c.h; path = Matrix.h; sourceTree = "<group>"; };
		B4EF847E186AE08300234C28 /* Quaternion.cpp */ = {isa = PBXFileReference; fileEncoding = 4; lastKnownFileType = sourcecode.cpp.cpp; path = Quaternion.cpp; sourceTree = "<group>"; };
		B4EF847F186AE08300234C28 /* Quaternion.h */ = {isa = PBXFileReference; fileEncoding = 4; lastKnownFileType = sourcecode.c.h; path = Quaternion.h; sourceTree = "<group>"; };
		B4EF8488186C2FD000234C28 /* DefaultConstants.h */ = {isa = PBXFileReference; lastKnownFileType = sourcecode.c.h; path = DefaultConstants.h; sourceTree = "<group>"; };
		B4EF8492187863D900234C28 /* VertexArray.cpp */ = {isa = PBXFileReference; fileEncoding = 4; lastKnownFileType = sourcecode.cpp.cpp; path = VertexArray.cpp; sourceTree = "<group>"; };
		B4EF8493187863D900234C28 /* VertexArray.h */ = {isa = PBXFileReference; fileEncoding = 4; lastKnownFileType = sourcecode.c.h; path = VertexArray.h; sourceTree = "<group>"; };
/* End PBXFileReference section */

/* Begin PBXFrameworksBuildPhase section */
		B4E0970D17DB671400F4A436 /* Frameworks */ = {
			isa = PBXFrameworksBuildPhase;
			buildActionMask = 2147483647;
			files = (
				B4E0974917DB75F400F4A436 /* OpenGLES.framework in Frameworks */,
				B4E0974717DB75ED00F4A436 /* QuartzCore.framework in Frameworks */,
				B4E0971417DB671400F4A436 /* UIKit.framework in Frameworks */,
				B4E0971617DB671400F4A436 /* Foundation.framework in Frameworks */,
				B4E0971817DB671400F4A436 /* CoreGraphics.framework in Frameworks */,
			);
			runOnlyForDeploymentPostprocessing = 0;
		};
/* End PBXFrameworksBuildPhase section */

/* Begin PBXGroup section */
		B422969118DEEC93004A3089 /* Collisions */ = {
			isa = PBXGroup;
			children = (
				B4D1B84D18AEBBA9004FD4B2 /* CollisionDetector.cpp */,
				B4D1B84E18AEBBA9004FD4B2 /* CollisionDetector.h */,
			);
			name = Collisions;
			sourceTree = "<group>";
		};
		B422969218DEEE4D004A3089 /* ModelviewModifier */ = {
			isa = PBXGroup;
			children = (
				B42296AF18DEFC5E004A3089 /* ModelviewModifier.cpp */,
				B422969418DEEE73004A3089 /* ModelviewModifier.h */,
				B42296B118DF0159004A3089 /* PositionModelviewModifier.cpp */,
				B42296B218DF0159004A3089 /* PositionModelviewModifier.h */,
				B42296B418DF0167004A3089 /* QuaternionModelviewModifier.cpp */,
				B42296B518DF0167004A3089 /* QuaternionModelviewModifier.h */,
				B4436009190CF5520094661D /* ScaleModelviewModifier.cpp */,
				B443600A190CF5520094661D /* ScaleModelviewModifier.h */,
			);
			name = ModelviewModifier;
			sourceTree = "<group>";
		};
		B4246169182ED2BC00B51DB1 /* Program Container */ = {
			isa = PBXGroup;
			children = (
				B47177DA188BEA75006B6215 /* ProgramContainer.cpp */,
				B47177DB188BEA75006B6215 /* ProgramContainer.h */,
			);
			name = "Program Container";
			sourceTree = "<group>";
		};
		B429BED719150A9400DA2D3C /* Resources */ = {
			isa = PBXGroup;
			children = (
				B429BED819150AB400DA2D3C /* Images */,
			);
			path = Resources;
			sourceTree = "<group>";
		};
		B429BED819150AB400DA2D3C /* Images */ = {
			isa = PBXGroup;
			children = (
				B455F72A1932257500DD17EE /* cube_map_top.png */,
				B455F7281932233400DD17EE /* globe.png */,
				B429BED919150B6800DA2D3C /* Ukraine.jpg */,
			);
			path = Images;
			sourceTree = "<group>";
		};
		B42E7F7518D5C2BD0048515C /* DrawingController */ = {
			isa = PBXGroup;
			children = (
				B42E7F7618D5C2E80048515C /* DrawingController.cpp */,
				B42E7F7718D5C2E80048515C /* DrawingController.h */,
				B42296BA18E6DA99004A3089 /* FullscreenDrawing.cpp */,
				B42296BB18E6DA99004A3089 /* FullscreenDrawing.h */,
			);
			name = DrawingController;
			sourceTree = "<group>";
		};
		B42E7F7918D5C51F0048515C /* DrawingController */ = {
			isa = PBXGroup;
			children = (
				B42E7F7A18D5C5320048515C /* GameDrawingController.cpp */,
				B42E7F7B18D5C5320048515C /* GameDrawingController.h */,
			);
			name = DrawingController;
			sourceTree = "<group>";
		};
		B468F6FE18999CC900AAE773 /* ColorRenderbuffer */ = {
			isa = PBXGroup;
			children = (
				B468F6FF18999CE300AAE773 /* ColorRenderbufferRGBA4.cpp */,
				B468F70018999CE300AAE773 /* ColorRenderbufferRGBA4.h */,
				B468F70218999CF700AAE773 /* ColorRenderbufferRGB565.cpp */,
				B468F70318999CF700AAE773 /* ColorRenderbufferRGB565.h */,
				B468F70518999D1100AAE773 /* ColorRenderbufferRGB5_A1.cpp */,
				B468F70618999D1100AAE773 /* ColorRenderbufferRGB5_A1.h */,
			);
			name = ColorRenderbuffer;
			sourceTree = "<group>";
		};
		B468F70818999E8E00AAE773 /* DepthRenderbuffer */ = {
			isa = PBXGroup;
			children = (
				B468F70A18999EC900AAE773 /* DepthRenderbufferComponent16.cpp */,
				B468F70B18999EC900AAE773 /* DepthRenderbufferComponent16.h */,
			);
			name = DepthRenderbuffer;
			sourceTree = "<group>";
		};
		B468F70918999E9900AAE773 /* StencilRenderbuffer */ = {
			isa = PBXGroup;
			children = (
				B468F70D18999ED400AAE773 /* StencilRenderbufferIndex8.cpp */,
				B468F70E18999ED400AAE773 /* StencilRenderbufferIndex8.h */,
			);
			name = StencilRenderbuffer;
			sourceTree = "<group>";
		};
		B468F71018999F6900AAE773 /* Renderbuffer */ = {
			isa = PBXGroup;
			children = (
				B468F7111899A06700AAE773 /* ColorRenderbufferMultisampleRGBA8.cpp */,
				B468F7121899A06700AAE773 /* ColorRenderbufferMultisampleRGBA8.h */,
				B468F7141899A09000AAE773 /* Depth24Stencil8MultisampleRenderbuffer.cpp */,
				B468F7151899A09000AAE773 /* Depth24Stencil8MultisampleRenderbuffer.h */,
			);
			name = Renderbuffer;
			sourceTree = "<group>";
		};
		B468F71A1899B4CC00AAE773 /* Framebuffer */ = {
			isa = PBXGroup;
			children = (
				B468F71B1899B4E600AAE773 /* MultisampleFramebuffer.cpp */,
				B468F71C1899B4E600AAE773 /* MultisampleFramebuffer.h */,
			);
			name = Framebuffer;
			sourceTree = "<group>";
		};
		B46CAC94191CB31000B7BA86 /* TextureImage */ = {
			isa = PBXGroup;
			children = (
				B429BEDB19150ECD00DA2D3C /* TextureImage.cpp */,
				B429BEDC19150ECD00DA2D3C /* TextureImage.h */,
			);
			name = TextureImage;
			sourceTree = "<group>";
		};
		B46CAC95191E27C600B7BA86 /* Surface */ = {
			isa = PBXGroup;
			children = (
				B46CAC96191E27E100B7BA86 /* Surface.h */,
				B46CAC97191F79AB00B7BA86 /* ParametricSurface.cpp */,
				B46CAC98191F79AB00B7BA86 /* ParametricSurface.h */,
				B46CAC9A191F9F8E00B7BA86 /* SphereSurface.cpp */,
				B46CAC9B191F9F8E00B7BA86 /* SphereSurface.h */,
			);
			name = Surface;
			sourceTree = "<group>";
		};
		B47D229B18BA439B006A0386 /* Texture */ = {
			isa = PBXGroup;
			children = (
				B46CAC94191CB31000B7BA86 /* TextureImage */,
				B47D229C18BA43DF006A0386 /* Texture.cpp */,
				B47D229D18BA43DF006A0386 /* Texture.h */,
				B46CAC8E191CB30300B7BA86 /* Texture2D.cpp */,
				B46CAC8F191CB30300B7BA86 /* Texture2D.h */,
				B46CAC91191CB30B00B7BA86 /* TextureCubeMap.cpp */,
				B46CAC92191CB30B00B7BA86 /* TextureCubeMap.h */,
			);
			name = Texture;
			sourceTree = "<group>";
		};
		B47E8D8F17DBD7EE008CE6DD /* RenderingEngine */ = {
			isa = PBXGroup;
			children = (
				B4963F9418003B490037FC39 /* Constants */,
				B4EF8485186B3CA900234C28 /* Logger */,
				B4EF84771869EA1F00234C28 /* Geometry Primitives */,
				B46CAC95191E27C600B7BA86 /* Surface */,
				B4D1B84C18AEBB84004FD4B2 /* Math */,
				B422969118DEEC93004A3089 /* Collisions */,
				B4D70D5E182C2EBE00771FA8 /* Program */,
				B47D229B18BA439B006A0386 /* Texture */,
				B4A1690818C1FCAA0097F2D1 /* Animation */,
				B4963F911800228F0037FC39 /* Primitive types */,
				B4963F90180022770037FC39 /* Buffers */,
				B4963F921800232C0037FC39 /* Shader values */,
				B4AFEF841809716C007846A1 /* Vertex */,
				B4EF8491187863C300234C28 /* Vertex Array */,
				B4246169182ED2BC00B51DB1 /* Program Container */,
				B48BCB2A17DFAB50005DBC3D /* ResourceManager */,
				B4E069D41891C08600F2E995 /* Drawing */,
				B42E7F7518D5C2BD0048515C /* DrawingController */,
				B4DBE42718D5E2CD004CB98F /* TouchesHandler */,
				B422969218DEEE4D004A3089 /* ModelviewModifier */,
				B49BC25A1923D521000C909B /* Camera */,
				B4ECF823189D2282007E2669 /* RenderingEngine.cpp */,
				B4ECF824189D2282007E2669 /* RenderingEngine.h */,
			);
			name = RenderingEngine;
			sourceTree = "<group>";
		};
		B47E8DCA17DBE022008CE6DD /* Shaders */ = {
			isa = PBXGroup;
			children = (
				B4D64F76187F3867005E78AC /* PositionColorShader.vsh */,
				B4D64F78187F3877005E78AC /* PositionColorShader.fsh */,
				B4D64F7A187F3884005E78AC /* PerspectiveShader.vsh */,
				B4D64F7C187F3891005E78AC /* PerspectiveShader.fsh */,
				B429BEDE191652DD00DA2D3C /* TextureShader.vsh */,
				B429BEE0191652EA00DA2D3C /* TextureShader.fsh */,
				B4D253761943490700A86E4B /* GlassShader.vsh */,
				B4D253781943491200A86E4B /* GlassShader.fsh */,
				B4908BB41997AA0000DD3D4B /* NormalTextureShader.vsh */,
				B4908BB61997AA0B00DD3D4B /* NormalTextureShader.fsh */,
				B49087D319C367FC00AFD29D /* CausticTextureShader.vsh */,
				B49087D519C3680700AFD29D /* CausticTextureShader.fsh */,
			);
			path = Shaders;
			sourceTree = "<group>";
		};
		B48BCB2A17DFAB50005DBC3D /* ResourceManager */ = {
			isa = PBXGroup;
			children = (
				B4CE1DEF17DFD906009094E8 /* ResourceManager.mm */,
				B4CE1DEE17DFD906009094E8 /* ResourceManager.h */,
			);
			name = ResourceManager;
			path = ..;
			sourceTree = "<group>";
		};
		B4963F90180022770037FC39 /* Buffers */ = {
			isa = PBXGroup;
			children = (
				B457A15617F6D486004EF4E0 /* Buffer.cpp */,
				B457A15717F6D486004EF4E0 /* Buffer.h */,
				B408BB7317F6DD2A00CC6900 /* VertexBuffer.cpp */,
				B408BB7417F6DD2A00CC6900 /* VertexBuffer.h */,
				B408BB7617F6DD3C00CC6900 /* IndexBuffer.cpp */,
				B408BB7717F6DD3C00CC6900 /* IndexBuffer.h */,
			);
			name = Buffers;
			sourceTree = "<group>";
		};
		B4963F911800228F0037FC39 /* Primitive types */ = {
			isa = PBXGroup;
			children = (
				B469605117F75C25002BCF6C /* Color.cpp */,
				B469605217F75C25002BCF6C /* Color.h */,
				B42E7F7D18D5CD470048515C /* Touch.cpp */,
				B42E7F7E18D5CD470048515C /* Touch.h */,
			);
			name = "Primitive types";
			sourceTree = "<group>";
		};
		B4963F921800232C0037FC39 /* Shader values */ = {
			isa = PBXGroup;
			children = (
				B469605817F8526F002BCF6C /* ShaderValue.cpp */,
				B469605917F8526F002BCF6C /* ShaderValue.h */,
				B403F3BB17EE0D5700A2A4E8 /* Attribute.cpp */,
				B403F3BC17EE0D5700A2A4E8 /* Attribute.h */,
				B403F3BE17F0FE0400A2A4E8 /* Uniform.cpp */,
				B403F3BF17F0FE0400A2A4E8 /* Uniform.h */,
			);
			name = "Shader values";
			sourceTree = "<group>";
		};
		B4963F9418003B490037FC39 /* Constants */ = {
			isa = PBXGroup;
			children = (
				B4963F9518003B650037FC39 /* Constants.h */,
				B4EF8488186C2FD000234C28 /* DefaultConstants.h */,
				B46CAC8D191CAF5A00B7BA86 /* Enums.h */,
			);
			name = Constants;
			sourceTree = "<group>";
		};
		B49BC25A1923D521000C909B /* Camera */ = {
			isa = PBXGroup;
			children = (
				B4D23AB61927B3CB00BDDF45 /* Projection */,
				B4AC5D7A1896FB6400FBE8D8 /* Framebuffer */,
				B4AC5D7B1896FB7000FBE8D8 /* Renderbuffer */,
				B49BC25E1923D556000C909B /* Camera.cpp */,
				B49BC25F1923D556000C909B /* Camera.h */,
				B41D18231930E7D400ABC580 /* BufferCamera.cpp */,
				B41D18241930E7D400ABC580 /* BufferCamera.h */,
				B41D18261930E90C00ABC580 /* TextureCamera.cpp */,
				B41D18271930E90C00ABC580 /* TextureCamera.h */,
				B479B0D819324266006B1CF6 /* CubeMapCamera.cpp */,
				B479B0D919324266006B1CF6 /* CubeMapCamera.h */,
			);
			name = Camera;
			sourceTree = "<group>";
		};
		B4A1690818C1FCAA0097F2D1 /* Animation */ = {
			isa = PBXGroup;
			children = (
				B4A1690918C1FCEA0097F2D1 /* Animation.cpp */,
				B4A1690A18C1FCEA0097F2D1 /* Animation.h */,
				B4B095EF18CCEC430045789A /* MoveToAnimation.cpp */,
				B4B095F018CCEC430045789A /* MoveToAnimation.h */,
				B42E7F7218CE1D8E0048515C /* RotateByQuaternionAnimation.cpp */,
				B42E7F7318CE1D8E0048515C /* RotateByQuaternionAnimation.h */,
			);
			name = Animation;
			sourceTree = "<group>";
		};
		B4A1690F18C2308C0097F2D1 /* Drawing Hierarchy */ = {
			isa = PBXGroup;
			children = (
				B4ECF83618AC04A8007E2669 /* DrawingComponent.cpp */,
				B4ECF83518A975B1007E2669 /* DrawingComponent.h */,
				B4E069D51891C11300F2E995 /* DrawingComposite.cpp */,
				B4E069D61891C11300F2E995 /* DrawingComposite.h */,
				B41CAA2318AC0C76001E1B1A /* DrawingLeaf.cpp */,
				B41CAA2418AC0C76001E1B1A /* DrawingLeaf.h */,
			);
			name = "Drawing Hierarchy";
			sourceTree = "<group>";
		};
		B4A98DA3187C288300D05BBB /* Program Initializer */ = {
			isa = PBXGroup;
			children = (
				B4D64F8B18817A68005E78AC /* Attribute Initializer */,
				B4D64F8C18817A76005E78AC /* Uniform Initializer */,
			);
			name = "Program Initializer";
			sourceTree = "<group>";
		};
		B4AC5D7A1896FB6400FBE8D8 /* Framebuffer */ = {
			isa = PBXGroup;
			children = (
				B4AC5D7F1896FB9500FBE8D8 /* Framebuffer.cpp */,
				B4AC5D801896FB9500FBE8D8 /* Framebuffer.h */,
			);
			name = Framebuffer;
			sourceTree = "<group>";
		};
		B4AC5D7B1896FB7000FBE8D8 /* Renderbuffer */ = {
			isa = PBXGroup;
			children = (
				B468F6FE18999CC900AAE773 /* ColorRenderbuffer */,
				B468F70818999E8E00AAE773 /* DepthRenderbuffer */,
				B468F70918999E9900AAE773 /* StencilRenderbuffer */,
				B4AC5D7C1896FB8B00FBE8D8 /* Renderbuffer.cpp */,
				B4AC5D7D1896FB8B00FBE8D8 /* Renderbuffer.h */,
			);
			name = Renderbuffer;
			sourceTree = "<group>";
		};
		B4AFEF841809716C007846A1 /* Vertex */ = {
			isa = PBXGroup;
			children = (
				B469605B17F858BF002BCF6C /* Vertex.cpp */,
				B469605C17F858BF002BCF6C /* Vertex.h */,
			);
			name = Vertex;
			sourceTree = "<group>";
		};
		B4D1B84C18AEBB84004FD4B2 /* Math */ = {
			isa = PBXGroup;
			children = (
				B4ECF82F18A4CE9B007E2669 /* Interpolator.cpp */,
				B4ECF83018A4CE9B007E2669 /* Interpolator.h */,
			);
			name = Math;
			sourceTree = "<group>";
		};
		B4D23AB11927A2DC00BDDF45 /* Camera */ = {
			isa = PBXGroup;
			children = (
				B468F71A1899B4CC00AAE773 /* Framebuffer */,
				B468F71018999F6900AAE773 /* Renderbuffer */,
			);
			name = Camera;
			sourceTree = "<group>";
		};
		B4D23AB61927B3CB00BDDF45 /* Projection */ = {
			isa = PBXGroup;
			children = (
				B4DBE42B18D8C13B004CB98F /* Projection.cpp */,
				B4DBE42C18D8C13B004CB98F /* Projection.h */,
			);
			name = Projection;
			sourceTree = "<group>";
		};
		B4D64F8B18817A68005E78AC /* Attribute Initializer */ = {
			isa = PBXGroup;
			children = (
				B4D64F85188179F6005E78AC /* AttributeInitializer.cpp */,
				B4D64F86188179F6005E78AC /* AttributeInitializer.h */,
				B4D64F82188179A5005E78AC /* PositionColorInitializer.cpp */,
				B4D64F83188179A5005E78AC /* PositionColorInitializer.h */,
				B429BEE219165D3100DA2D3C /* TexturePositionInitializer.cpp */,
				B429BEE319165D3100DA2D3C /* TexturePositionInitializer.h */,
				B4BB5D851943663300485F34 /* PositionNormalInitializer.cpp */,
				B4BB5D871943663B00485F34 /* PositionNormalInitializer.h */,
			);
			name = "Attribute Initializer";
			sourceTree = "<group>";
		};
		B4D64F8C18817A76005E78AC /* Uniform Initializer */ = {
			isa = PBXGroup;
			children = (
				B4D64F8818817A02005E78AC /* UniformInitializer.cpp */,
				B4D64F8918817A02005E78AC /* UniformInitializer.h */,
				B4D64F8D18817BCC005E78AC /* ProjectionModelviewInitializer.cpp */,
				B4D64F8E18817BCC005E78AC /* ProjectionModelviewInitializer.h */,
				B4BB5D8819436A9600485F34 /* CubeMapUniformInitializer.cpp */,
				B4BB5D8A19436AA500485F34 /* CubeMapUniformInitializer.h */,
			);
			name = "Uniform Initializer";
			sourceTree = "<group>";
		};
		B4D70D5E182C2EBE00771FA8 /* Program */ = {
			isa = PBXGroup;
			children = (
				B4A98DA3187C288300D05BBB /* Program Initializer */,
				B4DB8F98185343A400FD292D /* DrawRequest */,
				B4CE1DE217DFB72C009094E8 /* Program.cpp */,
				B4CE1DE317DFB72C009094E8 /* Program.h */,
				B4CE1DE517DFBBD9009094E8 /* Shader.cpp */,
				B4CE1DE617DFBBD9009094E8 /* Shader.h */,
			);
			name = Program;
			sourceTree = "<group>";
		};
		B4DB8F98185343A400FD292D /* DrawRequest */ = {
			isa = PBXGroup;
			children = (
				B4DB8F99185343B800FD292D /* DrawRequest.cpp */,
				B4DB8F9A185343B800FD292D /* DrawRequest.h */,
			);
			name = DrawRequest;
			sourceTree = "<group>";
		};
		B4DBE42718D5E2CD004CB98F /* TouchesHandler */ = {
			isa = PBXGroup;
			children = (
				B4DBE42818D5E4E3004CB98F /* TouchesHandler.cpp */,
				B4DBE42918D5E4E3004CB98F /* TouchesHandler.h */,
			);
			name = TouchesHandler;
			sourceTree = "<group>";
		};
		B4E069D41891C08600F2E995 /* Drawing */ = {
			isa = PBXGroup;
			children = (
				B4A1690F18C2308C0097F2D1 /* Drawing Hierarchy */,
			);
			name = Drawing;
			sourceTree = "<group>";
		};
		B4E0970717DB671400F4A436 = {
			isa = PBXGroup;
			children = (
				B4E0971917DB671400F4A436 /* MentalGame */,
				B429BED719150A9400DA2D3C /* Resources */,
				B4E0971217DB671400F4A436 /* Frameworks */,
				B4E0971117DB671400F4A436 /* Products */,
			);
			sourceTree = "<group>";
		};
		B4E0971117DB671400F4A436 /* Products */ = {
			isa = PBXGroup;
			children = (
				B4E0971017DB671400F4A436 /* MentalGame.app */,
			);
			name = Products;
			sourceTree = "<group>";
		};
		B4E0971217DB671400F4A436 /* Frameworks */ = {
			isa = PBXGroup;
			children = (
				B4E0971717DB671400F4A436 /* CoreGraphics.framework */,
				B4E0971517DB671400F4A436 /* Foundation.framework */,
				B4E0974817DB75F400F4A436 /* OpenGLES.framework */,
				B4E0974617DB75ED00F4A436 /* QuartzCore.framework */,
				B4E0971317DB671400F4A436 /* UIKit.framework */,
			);
			name = Frameworks;
			sourceTree = "<group>";
		};
		B4E0971917DB671400F4A436 /* MentalGame */ = {
			isa = PBXGroup;
			children = (
				B47E8DCA17DBE022008CE6DD /* Shaders */,
				B47E8D8F17DBD7EE008CE6DD /* RenderingEngine */,
				B4E23D1F18951FD7008CCFED /* Game */,
				B4E0974C17DB762500F4A436 /* Views */,
				B4E0974B17DB761E00F4A436 /* View Controllers */,
				B4E0974A17DB761700F4A436 /* Main */,
				B4E0971A17DB671400F4A436 /* Supporting Files */,
			);
			path = MentalGame;
			sourceTree = "<group>";
		};
		B4E0971A17DB671400F4A436 /* Supporting Files */ = {
			isa = PBXGroup;
			children = (
				B4E0971B17DB671400F4A436 /* MentalGame-Info.plist */,
				B4E0971C17DB671400F4A436 /* InfoPlist.strings */,
				B4E0971F17DB671400F4A436 /* main.m */,
				B4E0972117DB671400F4A436 /* MentalGame-Prefix.pch */,
				B4E0972517DB671400F4A436 /* Default.png */,
				B4E0972717DB671400F4A436 /* Default@2x.png */,
				B4E0972917DB671400F4A436 /* Default-568h@2x.png */,
			);
			name = "Supporting Files";
			sourceTree = "<group>";
		};
		B4E0974A17DB761700F4A436 /* Main */ = {
			isa = PBXGroup;
			children = (
				B4E0972217DB671400F4A436 /* MGAppDelegate.h */,
				B4E0972317DB671400F4A436 /* MGAppDelegate.m */,
			);
			name = Main;
			sourceTree = "<group>";
		};
		B4E0974B17DB761E00F4A436 /* View Controllers */ = {
			isa = PBXGroup;
			children = (
				B4E0974D17DB762D00F4A436 /* MGOpenGLViewController */,
			);
			name = "View Controllers";
			sourceTree = "<group>";
		};
		B4E0974C17DB762500F4A436 /* Views */ = {
			isa = PBXGroup;
			children = (
				B4E0974E17DB763700F4A436 /* MGOpenGLView */,
			);
			name = Views;
			sourceTree = "<group>";
		};
		B4E0974D17DB762D00F4A436 /* MGOpenGLViewController */ = {
			isa = PBXGroup;
			children = (
				B4E0974217DB75DD00F4A436 /* MGOpenGLViewController.h */,
				B4E0974317DB75DD00F4A436 /* MGOpenGLViewController.m */,
			);
			name = MGOpenGLViewController;
			sourceTree = "<group>";
		};
		B4E0974E17DB763700F4A436 /* MGOpenGLView */ = {
			isa = PBXGroup;
			children = (
				B4E0974017DB75DD00F4A436 /* MGOpenGLView.h */,
				B4E0974117DB75DD00F4A436 /* MGOpenGLView.mm */,
			);
			name = MGOpenGLView;
			sourceTree = "<group>";
		};
		B4E23D1F18951FD7008CCFED /* Game */ = {
			isa = PBXGroup;
			children = (
				B4D23AB11927A2DC00BDDF45 /* Camera */,
				B4E23D2018951FE6008CCFED /* Drawing */,
				B42E7F7918D5C51F0048515C /* DrawingController */,
			);
			name = Game;
			sourceTree = "<group>";
		};
		B4E23D2018951FE6008CCFED /* Drawing */ = {
			isa = PBXGroup;
			children = (
				B4E069D81891E06200F2E995 /* ColorGlassDrawing.cpp */,
				B4E069D91891E06200F2E995 /* ColorGlassDrawing.h */,
				B46FCCFF18B6D902004E6221 /* SegmentDrawing.cpp */,
				B46FCD0018B6D902004E6221 /* SegmentDrawing.h */,
				B47D229818BA424F006A0386 /* TextureDrawing.cpp */,
				B47D229918BA424F006A0386 /* TextureDrawing.h */,
				B403FD64191ABD9600C29740 /* RoomDrawing.cpp */,
				B403FD65191ABD9600C29740 /* RoomDrawing.h */,
				B46CAC9D191FAD8100B7BA86 /* GlassSphereDrawing.cpp */,
				B46CAC9E191FAD8100B7BA86 /* GlassSphereDrawing.h */,
			);
			name = Drawing;
			sourceTree = "<group>";
		};
		B4EF84771869EA1F00234C28 /* Geometry Primitives */ = {
			isa = PBXGroup;
			children = (
				B4EF8478186AE06E00234C28 /* Vector.cpp */,
				B4EF8479186AE06E00234C28 /* Vector.h */,
				B4EF847B186AE07900234C28 /* Matrix.cpp */,
				B4EF847C186AE07900234C28 /* Matrix.h */,
				B4EF847E186AE08300234C28 /* Quaternion.cpp */,
				B4EF847F186AE08300234C28 /* Quaternion.h */,
				B4ECF826189D2ACC007E2669 /* Size.cpp */,
				B4ECF827189D2ACC007E2669 /* Size.h */,
				B4ECF82C189E7132007E2669 /* Rect.cpp */,
				B4ECF82D189E7132007E2669 /* Rect.h */,
				B469605517F76B5E002BCF6C /* Point.cpp */,
				B469605617F76B5E002BCF6C /* Point.h */,
				B41CAA2A18AC1ABA001E1B1A /* Plane.cpp */,
				B41CAA2B18AC1ABA001E1B1A /* Plane.h */,
				B4D1B85018AEC120004FD4B2 /* Polyhedron.cpp */,
				B4D1B85118AEC120004FD4B2 /* Polyhedron.h */,
			);
			name = "Geometry Primitives";
			sourceTree = "<group>";
		};
		B4EF8485186B3CA900234C28 /* Logger */ = {
			isa = PBXGroup;
			children = (
				B4CE1DE817DFCCE9009094E8 /* Logger.cpp */,
				B4CE1DE917DFCCE9009094E8 /* Logger.h */,
			);
			name = Logger;
			sourceTree = "<group>";
		};
		B4EF8491187863C300234C28 /* Vertex Array */ = {
			isa = PBXGroup;
			children = (
				B4EF8492187863D900234C28 /* VertexArray.cpp */,
				B4EF8493187863D900234C28 /* VertexArray.h */,
			);
			name = "Vertex Array";
			sourceTree = "<group>";
		};
/* End PBXGroup section */

/* Begin PBXNativeTarget section */
		B4E0970F17DB671400F4A436 /* MentalGame */ = {
			isa = PBXNativeTarget;
			buildConfigurationList = B4E0972D17DB671400F4A436 /* Build configuration list for PBXNativeTarget "MentalGame" */;
			buildPhases = (
				B4E0970C17DB671400F4A436 /* Sources */,
				B4E0970D17DB671400F4A436 /* Frameworks */,
				B4E0970E17DB671400F4A436 /* Resources */,
			);
			buildRules = (
			);
			dependencies = (
			);
			name = MentalGame;
			productName = MentalGame;
			productReference = B4E0971017DB671400F4A436 /* MentalGame.app */;
			productType = "com.apple.product-type.application";
		};
/* End PBXNativeTarget section */

/* Begin PBXProject section */
		B4E0970817DB671400F4A436 /* Project object */ = {
			isa = PBXProject;
			attributes = {
				CLASSPREFIX = MG;
				LastUpgradeCheck = 0460;
				ORGANIZATIONNAME = "Sergey Alpeev";
			};
			buildConfigurationList = B4E0970B17DB671400F4A436 /* Build configuration list for PBXProject "MentalGame" */;
			compatibilityVersion = "Xcode 3.2";
			developmentRegion = English;
			hasScannedForEncodings = 0;
			knownRegions = (
				en,
			);
			mainGroup = B4E0970717DB671400F4A436;
			productRefGroup = B4E0971117DB671400F4A436 /* Products */;
			projectDirPath = "";
			projectRoot = "";
			targets = (
				B4E0970F17DB671400F4A436 /* MentalGame */,
			);
		};
/* End PBXProject section */

/* Begin PBXResourcesBuildPhase section */
		B4E0970E17DB671400F4A436 /* Resources */ = {
			isa = PBXResourcesBuildPhase;
			buildActionMask = 2147483647;
			files = (
				B429BEE1191652EA00DA2D3C /* TextureShader.fsh in Resources */,
				B4D64F7E187F3D3D005E78AC /* PositionColorShader.vsh in Resources */,
				B4D64F7F187F3D3E005E78AC /* PositionColorShader.fsh in Resources */,
				B4D253791943491200A86E4B /* GlassShader.fsh in Resources */,
				B429BEDF191652DD00DA2D3C /* TextureShader.vsh in Resources */,
				B4D253771943490700A86E4B /* GlassShader.vsh in Resources */,
				B429BEDA19150B6800DA2D3C /* Ukraine.jpg in Resources */,
				B4908BB71997AA0B00DD3D4B /* NormalTextureShader.fsh in Resources */,
				B4908BB51997AA0000DD3D4B /* NormalTextureShader.vsh in Resources */,
				B4D64F80187F3D3E005E78AC /* PerspectiveShader.vsh in Resources */,
				B4D64F81187F3D3E005E78AC /* PerspectiveShader.fsh in Resources */,
				B4E0971E17DB671400F4A436 /* InfoPlist.strings in Resources */,
				B455F72B1932257500DD17EE /* cube_map_top.png in Resources */,
				B4E0972617DB671400F4A436 /* Default.png in Resources */,
				B455F7291932233400DD17EE /* globe.png in Resources */,
				B4E0972817DB671400F4A436 /* Default@2x.png in Resources */,
				B4E0972A17DB671400F4A436 /* Default-568h@2x.png in Resources */,
			);
			runOnlyForDeploymentPostprocessing = 0;
		};
/* End PBXResourcesBuildPhase section */

/* Begin PBXSourcesBuildPhase section */
		B4E0970C17DB671400F4A436 /* Sources */ = {
			isa = PBXSourcesBuildPhase;
			buildActionMask = 2147483647;
			files = (
				B4E0972017DB671400F4A436 /* main.m in Sources */,
				B4E069DA1891E06200F2E995 /* ColorGlassDrawing.cpp in Sources */,
				B46CAC99191F79AB00B7BA86 /* ParametricSurface.cpp in Sources */,
				B4E0972417DB671400F4A436 /* MGAppDelegate.m in Sources */,
				B4DBE42D18D8C13B004CB98F /* Projection.cpp in Sources */,
				B4EF847A186AE06E00234C28 /* Vector.cpp in Sources */,
				B41CAA2518AC0C76001E1B1A /* DrawingLeaf.cpp in Sources */,
				B47D229E18BA43DF006A0386 /* Texture.cpp in Sources */,
				B4ECF83718AC04A8007E2669 /* DrawingComponent.cpp in Sources */,
				B4D64F8F18817BCC005E78AC /* ProjectionModelviewInitializer.cpp in Sources */,
				B403F3BD17EE0D5700A2A4E8 /* Attribute.cpp in Sources */,
				B468F7131899A06700AAE773 /* ColorRenderbufferMultisampleRGBA8.cpp in Sources */,
				B4D1B85218AEC120004FD4B2 /* Polyhedron.cpp in Sources */,
				B4D64F84188179A6005E78AC /* PositionColorInitializer.cpp in Sources */,
				B4DBE42A18D5E4E3004CB98F /* TouchesHandler.cpp in Sources */,
				B42E7F7F18D5CD470048515C /* Touch.cpp in Sources */,
				B468F70718999D1100AAE773 /* ColorRenderbufferRGB5_A1.cpp in Sources */,
				B4ECF82E189E7132007E2669 /* Rect.cpp in Sources */,
				B42296B618DF0167004A3089 /* QuaternionModelviewModifier.cpp in Sources */,
				B42296B318DF0159004A3089 /* PositionModelviewModifier.cpp in Sources */,
				B4EF847D186AE07900234C28 /* Matrix.cpp in Sources */,
				B469605D17F858BF002BCF6C /* Vertex.cpp in Sources */,
				B403FD66191ABD9600C29740 /* RoomDrawing.cpp in Sources */,
				B469605717F76B5E002BCF6C /* Point.cpp in Sources */,
				B429BEE419165D3100DA2D3C /* TexturePositionInitializer.cpp in Sources */,
				B4AC5D811896FB9500FBE8D8 /* Framebuffer.cpp in Sources */,
				B42E7F7C18D5C5320048515C /* GameDrawingController.cpp in Sources */,
				B469605317F75C25002BCF6C /* Color.cpp in Sources */,
				B4A1690B18C1FCEA0097F2D1 /* Animation.cpp in Sources */,
				B41D18251930E7D400ABC580 /* BufferCamera.cpp in Sources */,
				B4EF8480186AE08300234C28 /* Quaternion.cpp in Sources */,
				B468F7161899A09000AAE773 /* Depth24Stencil8MultisampleRenderbuffer.cpp in Sources */,
				B457A15817F6D486004EF4E0 /* Buffer.cpp in Sources */,
				B403F3C017F0FE0400A2A4E8 /* Uniform.cpp in Sources */,
				B4E0974417DB75DD00F4A436 /* MGOpenGLView.mm in Sources */,
				B4D64F8A18817A02005E78AC /* UniformInitializer.cpp in Sources */,
				B46CAC9F191FAD8100B7BA86 /* GlassSphereDrawing.cpp in Sources */,
				B41D18281930E90C00ABC580 /* TextureCamera.cpp in Sources */,
				B4E0974517DB75DD00F4A436 /* MGOpenGLViewController.m in Sources */,
				B408BB7817F6DD3C00CC6900 /* IndexBuffer.cpp in Sources */,
				B4ECF83118A4CE9B007E2669 /* Interpolator.cpp in Sources */,
				B468F71D1899B4E600AAE773 /* MultisampleFramebuffer.cpp in Sources */,
				B42296BC18E6DA99004A3089 /* FullscreenDrawing.cpp in Sources */,
				B47177DC188BEA75006B6215 /* ProgramContainer.cpp in Sources */,
				B47D229A18BA424F006A0386 /* TextureDrawing.cpp in Sources */,
				B469605A17F8526F002BCF6C /* ShaderValue.cpp in Sources */,
				B4CE1DE417DFB72C009094E8 /* Program.cpp in Sources */,
				B4EF8494187863D900234C28 /* VertexArray.cpp in Sources */,
				B46CAC93191CB30B00B7BA86 /* TextureCubeMap.cpp in Sources */,
				B42296B018DEFC5E004A3089 /* ModelviewModifier.cpp in Sources */,
				B408BB7517F6DD2A00CC6900 /* VertexBuffer.cpp in Sources */,
				B4DB8F9B185343B800FD292D /* DrawRequest.cpp in Sources */,
				B46CAC9C191F9F8E00B7BA86 /* SphereSurface.cpp in Sources */,
				B4ECF828189D2ACC007E2669 /* Size.cpp in Sources */,
				B468F70F18999ED400AAE773 /* StencilRenderbufferIndex8.cpp in Sources */,
				B4BB5D861943663300485F34 /* PositionNormalInitializer.cpp in Sources */,
				B443600B190CF5520094661D /* ScaleModelviewModifier.cpp in Sources */,
				B429BEDD19150ECD00DA2D3C /* TextureImage.cpp in Sources */,
				B4CE1DE717DFBBD9009094E8 /* Shader.cpp in Sources */,
				B4ECF825189D2282007E2669 /* RenderingEngine.cpp in Sources */,
				B4AC5D7E1896FB8B00FBE8D8 /* Renderbuffer.cpp in Sources */,
				B4D64F87188179F6005E78AC /* AttributeInitializer.cpp in Sources */,
				B41CAA2C18AC1ABA001E1B1A /* Plane.cpp in Sources */,
				B42E7F7818D5C2E80048515C /* DrawingController.cpp in Sources */,
				B49BC2601923D556000C909B /* Camera.cpp in Sources */,
				B468F70118999CE300AAE773 /* ColorRenderbufferRGBA4.cpp in Sources */,
				B4CE1DEA17DFCCEA009094E8 /* Logger.cpp in Sources */,
				B42E7F7418CE1D8E0048515C /* RotateByQuaternionAnimation.cpp in Sources */,
				B468F70418999CF700AAE773 /* ColorRenderbufferRGB565.cpp in Sources */,
				B4D1B84F18AEBBA9004FD4B2 /* CollisionDetector.cpp in Sources */,
				B46FCD0118B6D902004E6221 /* SegmentDrawing.cpp in Sources */,
				B4E069D71891C11300F2E995 /* DrawingComposite.cpp in Sources */,
				B4CE1DF017DFD906009094E8 /* ResourceManager.mm in Sources */,
				B479B0DA19324266006B1CF6 /* CubeMapCamera.cpp in Sources */,
				B468F70C18999EC900AAE773 /* DepthRenderbufferComponent16.cpp in Sources */,
				B46CAC90191CB30300B7BA86 /* Texture2D.cpp in Sources */,
				B4B095F118CCEC430045789A /* MoveToAnimation.cpp in Sources */,
				B4BB5D8919436A9600485F34 /* CubeMapUniformInitializer.cpp in Sources */,
			);
			runOnlyForDeploymentPostprocessing = 0;
		};
/* End PBXSourcesBuildPhase section */

/* Begin PBXVariantGroup section */
		B4E0971C17DB671400F4A436 /* InfoPlist.strings */ = {
			isa = PBXVariantGroup;
			children = (
				B4E0971D17DB671400F4A436 /* en */,
			);
			name = InfoPlist.strings;
			sourceTree = "<group>";
		};
/* End PBXVariantGroup section */

/* Begin XCBuildConfiguration section */
		B4E0972B17DB671400F4A436 /* Debug */ = {
			isa = XCBuildConfiguration;
			buildSettings = {
				ALWAYS_SEARCH_USER_PATHS = NO;
				CLANG_CXX_LANGUAGE_STANDARD = "gnu++0x";
				CLANG_CXX_LIBRARY = "libc++";
				CLANG_ENABLE_OBJC_ARC = YES;
				CLANG_WARN_CONSTANT_CONVERSION = YES;
				CLANG_WARN_EMPTY_BODY = YES;
				CLANG_WARN_ENUM_CONVERSION = YES;
				CLANG_WARN_INT_CONVERSION = YES;
				CLANG_WARN__DUPLICATE_METHOD_MATCH = YES;
				"CODE_SIGN_IDENTITY[sdk=iphoneos*]" = "iPhone Developer";
				COPY_PHASE_STRIP = NO;
				GCC_C_LANGUAGE_STANDARD = gnu99;
				GCC_DYNAMIC_NO_PIC = NO;
				GCC_OPTIMIZATION_LEVEL = 0;
				GCC_PREPROCESSOR_DEFINITIONS = (
					"DEBUG=1",
					"$(inherited)",
				);
				GCC_SYMBOLS_PRIVATE_EXTERN = NO;
				GCC_WARN_ABOUT_RETURN_TYPE = YES;
				GCC_WARN_UNINITIALIZED_AUTOS = YES;
				GCC_WARN_UNUSED_VARIABLE = YES;
				IPHONEOS_DEPLOYMENT_TARGET = 6.1;
				ONLY_ACTIVE_ARCH = YES;
				SDKROOT = iphoneos;
			};
			name = Debug;
		};
		B4E0972C17DB671400F4A436 /* Release */ = {
			isa = XCBuildConfiguration;
			buildSettings = {
				ALWAYS_SEARCH_USER_PATHS = NO;
				CLANG_CXX_LANGUAGE_STANDARD = "gnu++0x";
				CLANG_CXX_LIBRARY = "libc++";
				CLANG_ENABLE_OBJC_ARC = YES;
				CLANG_WARN_CONSTANT_CONVERSION = YES;
				CLANG_WARN_EMPTY_BODY = YES;
				CLANG_WARN_ENUM_CONVERSION = YES;
				CLANG_WARN_INT_CONVERSION = YES;
				CLANG_WARN__DUPLICATE_METHOD_MATCH = YES;
				"CODE_SIGN_IDENTITY[sdk=iphoneos*]" = "iPhone Developer";
				COPY_PHASE_STRIP = YES;
				GCC_C_LANGUAGE_STANDARD = gnu99;
				GCC_WARN_ABOUT_RETURN_TYPE = YES;
				GCC_WARN_UNINITIALIZED_AUTOS = YES;
				GCC_WARN_UNUSED_VARIABLE = YES;
				IPHONEOS_DEPLOYMENT_TARGET = 6.1;
				OTHER_CFLAGS = "-DNS_BLOCK_ASSERTIONS=1";
				SDKROOT = iphoneos;
				VALIDATE_PRODUCT = YES;
			};
			name = Release;
		};
		B4E0972E17DB671400F4A436 /* Debug */ = {
			isa = XCBuildConfiguration;
			buildSettings = {
				CODE_SIGN_IDENTITY = "iPhone Developer: Bill Campbell (P9TH4UDT54)";
				GCC_PRECOMPILE_PREFIX_HEADER = YES;
				GCC_PREFIX_HEADER = "MentalGame/MentalGame-Prefix.pch";
				INFOPLIST_FILE = "MentalGame/MentalGame-Info.plist";
				IPHONEOS_DEPLOYMENT_TARGET = 7.0;
				PRODUCT_NAME = "$(TARGET_NAME)";
				PROVISIONING_PROFILE = "9CF6365D-D434-4171-865D-40F5018A7BF2";
				TARGETED_DEVICE_FAMILY = "1,2";
				WRAPPER_EXTENSION = app;
			};
			name = Debug;
		};
		B4E0972F17DB671400F4A436 /* Release */ = {
			isa = XCBuildConfiguration;
			buildSettings = {
				CODE_SIGN_IDENTITY = "iPhone Developer: Bill Campbell (P9TH4UDT54)";
				GCC_PRECOMPILE_PREFIX_HEADER = YES;
				GCC_PREFIX_HEADER = "MentalGame/MentalGame-Prefix.pch";
				INFOPLIST_FILE = "MentalGame/MentalGame-Info.plist";
				IPHONEOS_DEPLOYMENT_TARGET = 7.0;
				PRODUCT_NAME = "$(TARGET_NAME)";
				PROVISIONING_PROFILE = "9CF6365D-D434-4171-865D-40F5018A7BF2";
				TARGETED_DEVICE_FAMILY = "1,2";
				WRAPPER_EXTENSION = app;
			};
			name = Release;
		};
/* End XCBuildConfiguration section */

/* Begin XCConfigurationList section */
		B4E0970B17DB671400F4A436 /* Build configuration list for PBXProject "MentalGame" */ = {
			isa = XCConfigurationList;
			buildConfigurations = (
				B4E0972B17DB671400F4A436 /* Debug */,
				B4E0972C17DB671400F4A436 /* Release */,
			);
			defaultConfigurationIsVisible = 0;
			defaultConfigurationName = Release;
		};
		B4E0972D17DB671400F4A436 /* Build configuration list for PBXNativeTarget "MentalGame" */ = {
			isa = XCConfigurationList;
			buildConfigurations = (
				B4E0972E17DB671400F4A436 /* Debug */,
				B4E0972F17DB671400F4A436 /* Release */,
			);
			defaultConfigurationIsVisible = 0;
			defaultConfigurationName = Release;
		};
/* End XCConfigurationList section */
	};
	rootObject = B4E0970817DB671400F4A436 /* Project object */;
}
